// !$*UTF8*$!
{
	archiveVersion = 1;
	classes = {
	};
	objectVersion = 50;
	objects = {

/* Begin PBXBuildFile section */
		9C0D59CD24DEE159007779CD /* SearchHeader.swift in Sources */ = {isa = PBXBuildFile; fileRef = 9C0D59CC24DEE159007779CD /* SearchHeader.swift */; };
		9C0D59CF24DEE1AC007779CD /* BaseTableViewHeader.swift in Sources */ = {isa = PBXBuildFile; fileRef = 9C0D59CE24DEE1AC007779CD /* BaseTableViewHeader.swift */; };
		9C0D59D224DEE8E2007779CD /* SearchSection.swift in Sources */ = {isa = PBXBuildFile; fileRef = 9C0D59D124DEE8E2007779CD /* SearchSection.swift */; };
		9C1D557624DADC510048BBDF /* NavigationMap.swift in Sources */ = {isa = PBXBuildFile; fileRef = 9C1D557524DADC510048BBDF /* NavigationMap.swift */; };
		9C4DB81824D19C2800254C79 /* MyPageViewController.swift in Sources */ = {isa = PBXBuildFile; fileRef = 9C4DB81724D19C2800254C79 /* MyPageViewController.swift */; };
		9C545BE224BF4C3C00138C78 /* AppDelegate.swift in Sources */ = {isa = PBXBuildFile; fileRef = 9C545BE124BF4C3C00138C78 /* AppDelegate.swift */; };
		9C545BE424BF4C3C00138C78 /* SceneDelegate.swift in Sources */ = {isa = PBXBuildFile; fileRef = 9C545BE324BF4C3C00138C78 /* SceneDelegate.swift */; };
		9C545BEB24BF4C3D00138C78 /* Assets.xcassets in Resources */ = {isa = PBXBuildFile; fileRef = 9C545BEA24BF4C3D00138C78 /* Assets.xcassets */; };
		9C545BEE24BF4C3D00138C78 /* LaunchScreen.storyboard in Resources */ = {isa = PBXBuildFile; fileRef = 9C545BEC24BF4C3D00138C78 /* LaunchScreen.storyboard */; };
		9C60775E24C1534600E5CBEE /* BaseViewController.swift in Sources */ = {isa = PBXBuildFile; fileRef = 9C60775D24C1534600E5CBEE /* BaseViewController.swift */; };
		9C71F61824D42666009DD6D7 /* VerticalButton.swift in Sources */ = {isa = PBXBuildFile; fileRef = 9C71F61724D42666009DD6D7 /* VerticalButton.swift */; };
		9C71F61D24D42EFB009DD6D7 /* MenuCell.swift in Sources */ = {isa = PBXBuildFile; fileRef = 9C71F61C24D42EFB009DD6D7 /* MenuCell.swift */; };
		9C71F61F24D42FFD009DD6D7 /* BaseTableViewCell.swift in Sources */ = {isa = PBXBuildFile; fileRef = 9C71F61E24D42FFD009DD6D7 /* BaseTableViewCell.swift */; };
		9C7AD84824C011D500AAEBB0 /* ProModule.framework in Frameworks */ = {isa = PBXBuildFile; fileRef = 9C7AD84724C011D500AAEBB0 /* ProModule.framework */; };
		9C7AD84924C011D500AAEBB0 /* ProModule.framework in Embed Frameworks */ = {isa = PBXBuildFile; fileRef = 9C7AD84724C011D500AAEBB0 /* ProModule.framework */; settings = {ATTRIBUTES = (CodeSignOnCopy, RemoveHeadersOnCopy, ); }; };
		9C7AD86324C035E200AAEBB0 /* ServiceProvider.swift in Sources */ = {isa = PBXBuildFile; fileRef = 9C7AD86124C035E200AAEBB0 /* ServiceProvider.swift */; };
		9C7AD86424C035E200AAEBB0 /* BaseService.swift in Sources */ = {isa = PBXBuildFile; fileRef = 9C7AD86224C035E200AAEBB0 /* BaseService.swift */; };
		9C7AD86624C0360800AAEBB0 /* NetworkService.swift in Sources */ = {isa = PBXBuildFile; fileRef = 9C7AD86524C0360800AAEBB0 /* NetworkService.swift */; };
		9C7AD86924C036FD00AAEBB0 /* ItemAPI.swift in Sources */ = {isa = PBXBuildFile; fileRef = 9C7AD86824C036FD00AAEBB0 /* ItemAPI.swift */; };
		9C7B534A24DE8E7A005C3CA8 /* SearchReactor.swift in Sources */ = {isa = PBXBuildFile; fileRef = 9C7B534924DE8E7A005C3CA8 /* SearchReactor.swift */; };
		9C7B535024DEA538005C3CA8 /* SearchWordService.swift in Sources */ = {isa = PBXBuildFile; fileRef = 9C7B534F24DEA538005C3CA8 /* SearchWordService.swift */; };
		9C7B535224DEB116005C3CA8 /* SearchCell.swift in Sources */ = {isa = PBXBuildFile; fileRef = 9C7B535124DEB116005C3CA8 /* SearchCell.swift */; };
		9C835DDB24DFF4DC000901FF /* ListViewController.swift in Sources */ = {isa = PBXBuildFile; fileRef = 9C835DDA24DFF4DC000901FF /* ListViewController.swift */; };
		9C835DDD24DFFB9C000901FF /* ItemCell.swift in Sources */ = {isa = PBXBuildFile; fileRef = 9C835DDC24DFFB9C000901FF /* ItemCell.swift */; };
		9CE4CDB524D65B6F00A8A25E /* SearchViewController.swift in Sources */ = {isa = PBXBuildFile; fileRef = 9CE4CDB424D65B6F00A8A25E /* SearchViewController.swift */; };
		9CE4CDB924D6623600A8A25E /* UserDefaultsService.swift in Sources */ = {isa = PBXBuildFile; fileRef = 9CE4CDB824D6623600A8A25E /* UserDefaultsService.swift */; };
		9CE4CDBC24D6629800A8A25E /* UserDefaultsKey.swift in Sources */ = {isa = PBXBuildFile; fileRef = 9CE4CDBB24D6629800A8A25E /* UserDefaultsKey.swift */; };
		9CE4CDBE24D6638900A8A25E /* AccountService.swift in Sources */ = {isa = PBXBuildFile; fileRef = 9CE4CDBD24D6638900A8A25E /* AccountService.swift */; };
		9CE4CDC124D6A77700A8A25E /* SettingViewController.swift in Sources */ = {isa = PBXBuildFile; fileRef = 9CE4CDC024D6A77700A8A25E /* SettingViewController.swift */; };
		9CE4CDC324D6A7AD00A8A25E /* SettingReactor.swift in Sources */ = {isa = PBXBuildFile; fileRef = 9CE4CDC224D6A7AD00A8A25E /* SettingReactor.swift */; };
		9CF363AE24D0530A0008380C /* NavigationBar.swift in Sources */ = {isa = PBXBuildFile; fileRef = 9CF363AD24D0530A0008380C /* NavigationBar.swift */; };
		B6AB8EDD24DE6BC100EE3CB1 /* SortCell.swift in Sources */ = {isa = PBXBuildFile; fileRef = B6AB8EDB24DE6BC100EE3CB1 /* SortCell.swift */; };
		B6AB8EDE24DE6BC100EE3CB1 /* SortCell.xib in Resources */ = {isa = PBXBuildFile; fileRef = B6AB8EDC24DE6BC100EE3CB1 /* SortCell.xib */; };
		B6D6EC5324DB3B8500E27C06 /* MainViewController.swift in Sources */ = {isa = PBXBuildFile; fileRef = B6D6EC5224DB3B8500E27C06 /* MainViewController.swift */; };
		B6D6EC5824DB3C9200E27C06 /* CustomMenuBar.swift in Sources */ = {isa = PBXBuildFile; fileRef = B6D6EC5724DB3C9200E27C06 /* CustomMenuBar.swift */; };
		B6D6EC5D24DB3FBE00E27C06 /* CustomCell.swift in Sources */ = {isa = PBXBuildFile; fileRef = B6D6EC5B24DB3FBE00E27C06 /* CustomCell.swift */; };
		B6D6EC5E24DB3FBE00E27C06 /* CustomCell.xib in Resources */ = {isa = PBXBuildFile; fileRef = B6D6EC5C24DB3FBE00E27C06 /* CustomCell.xib */; };
		B6D6EC6124DB40EF00E27C06 /* PageCell.swift in Sources */ = {isa = PBXBuildFile; fileRef = B6D6EC5F24DB40EF00E27C06 /* PageCell.swift */; };
		B6D6EC6224DB40EF00E27C06 /* PageCell.xib in Resources */ = {isa = PBXBuildFile; fileRef = B6D6EC6024DB40EF00E27C06 /* PageCell.xib */; };
		B6D6EC6524DB41E000E27C06 /* NSObject + reusableIdentifier.swift in Sources */ = {isa = PBXBuildFile; fileRef = B6D6EC6424DB41E000E27C06 /* NSObject + reusableIdentifier.swift */; };
		B6D6EC6B24DBF8CE00E27C06 /* ProductCell.swift in Sources */ = {isa = PBXBuildFile; fileRef = B6D6EC6924DBF8CE00E27C06 /* ProductCell.swift */; };
		B6D6EC6C24DBF8CE00E27C06 /* ProductCell.xib in Resources */ = {isa = PBXBuildFile; fileRef = B6D6EC6A24DBF8CE00E27C06 /* ProductCell.xib */; };
/* End PBXBuildFile section */

/* Begin PBXCopyFilesBuildPhase section */
		9C7AD84A24C011D500AAEBB0 /* Embed Frameworks */ = {
			isa = PBXCopyFilesBuildPhase;
			buildActionMask = 2147483647;
			dstPath = "";
			dstSubfolderSpec = 10;
			files = (
				9C7AD84924C011D500AAEBB0 /* ProModule.framework in Embed Frameworks */,
			);
			name = "Embed Frameworks";
			runOnlyForDeploymentPostprocessing = 0;
		};
/* End PBXCopyFilesBuildPhase section */

/* Begin PBXFileReference section */
		9C0D59CC24DEE159007779CD /* SearchHeader.swift */ = {isa = PBXFileReference; lastKnownFileType = sourcecode.swift; path = SearchHeader.swift; sourceTree = "<group>"; };
		9C0D59CE24DEE1AC007779CD /* BaseTableViewHeader.swift */ = {isa = PBXFileReference; lastKnownFileType = sourcecode.swift; path = BaseTableViewHeader.swift; sourceTree = "<group>"; };
		9C0D59D124DEE8E2007779CD /* SearchSection.swift */ = {isa = PBXFileReference; lastKnownFileType = sourcecode.swift; path = SearchSection.swift; sourceTree = "<group>"; };
		9C1D557524DADC510048BBDF /* NavigationMap.swift */ = {isa = PBXFileReference; lastKnownFileType = sourcecode.swift; path = NavigationMap.swift; sourceTree = "<group>"; };
		9C4DB81724D19C2800254C79 /* MyPageViewController.swift */ = {isa = PBXFileReference; fileEncoding = 4; lastKnownFileType = sourcecode.swift; path = MyPageViewController.swift; sourceTree = "<group>"; };
		9C545BDE24BF4C3C00138C78 /* 꿀단지.app */ = {isa = PBXFileReference; explicitFileType = wrapper.application; includeInIndex = 0; path = "꿀단지.app"; sourceTree = BUILT_PRODUCTS_DIR; };
		9C545BE124BF4C3C00138C78 /* AppDelegate.swift */ = {isa = PBXFileReference; lastKnownFileType = sourcecode.swift; path = AppDelegate.swift; sourceTree = "<group>"; };
		9C545BE324BF4C3C00138C78 /* SceneDelegate.swift */ = {isa = PBXFileReference; lastKnownFileType = sourcecode.swift; path = SceneDelegate.swift; sourceTree = "<group>"; };
		9C545BEA24BF4C3D00138C78 /* Assets.xcassets */ = {isa = PBXFileReference; lastKnownFileType = folder.assetcatalog; path = Assets.xcassets; sourceTree = "<group>"; };
		9C545BED24BF4C3D00138C78 /* Base */ = {isa = PBXFileReference; lastKnownFileType = file.storyboard; name = Base; path = Base.lproj/LaunchScreen.storyboard; sourceTree = "<group>"; };
		9C545BEF24BF4C3D00138C78 /* Info.plist */ = {isa = PBXFileReference; lastKnownFileType = text.plist.xml; path = Info.plist; sourceTree = "<group>"; };
		9C60775D24C1534600E5CBEE /* BaseViewController.swift */ = {isa = PBXFileReference; fileEncoding = 4; lastKnownFileType = sourcecode.swift; path = BaseViewController.swift; sourceTree = "<group>"; };
		9C71F61724D42666009DD6D7 /* VerticalButton.swift */ = {isa = PBXFileReference; lastKnownFileType = sourcecode.swift; path = VerticalButton.swift; sourceTree = "<group>"; };
		9C71F61C24D42EFB009DD6D7 /* MenuCell.swift */ = {isa = PBXFileReference; lastKnownFileType = sourcecode.swift; path = MenuCell.swift; sourceTree = "<group>"; };
		9C71F61E24D42FFD009DD6D7 /* BaseTableViewCell.swift */ = {isa = PBXFileReference; fileEncoding = 4; lastKnownFileType = sourcecode.swift; path = BaseTableViewCell.swift; sourceTree = "<group>"; };
		9C7AD84724C011D500AAEBB0 /* ProModule.framework */ = {isa = PBXFileReference; explicitFileType = wrapper.framework; path = ProModule.framework; sourceTree = BUILT_PRODUCTS_DIR; };
		9C7AD86124C035E200AAEBB0 /* ServiceProvider.swift */ = {isa = PBXFileReference; fileEncoding = 4; lastKnownFileType = sourcecode.swift; path = ServiceProvider.swift; sourceTree = "<group>"; };
		9C7AD86224C035E200AAEBB0 /* BaseService.swift */ = {isa = PBXFileReference; fileEncoding = 4; lastKnownFileType = sourcecode.swift; path = BaseService.swift; sourceTree = "<group>"; };
		9C7AD86524C0360800AAEBB0 /* NetworkService.swift */ = {isa = PBXFileReference; lastKnownFileType = sourcecode.swift; path = NetworkService.swift; sourceTree = "<group>"; };
		9C7AD86824C036FD00AAEBB0 /* ItemAPI.swift */ = {isa = PBXFileReference; fileEncoding = 4; lastKnownFileType = sourcecode.swift; path = ItemAPI.swift; sourceTree = "<group>"; };
		9C7B534924DE8E7A005C3CA8 /* SearchReactor.swift */ = {isa = PBXFileReference; lastKnownFileType = sourcecode.swift; path = SearchReactor.swift; sourceTree = "<group>"; };
		9C7B534F24DEA538005C3CA8 /* SearchWordService.swift */ = {isa = PBXFileReference; lastKnownFileType = sourcecode.swift; path = SearchWordService.swift; sourceTree = "<group>"; };
		9C7B535124DEB116005C3CA8 /* SearchCell.swift */ = {isa = PBXFileReference; fileEncoding = 4; lastKnownFileType = sourcecode.swift; path = SearchCell.swift; sourceTree = "<group>"; };
		9C835DDA24DFF4DC000901FF /* ListViewController.swift */ = {isa = PBXFileReference; lastKnownFileType = sourcecode.swift; path = ListViewController.swift; sourceTree = "<group>"; };
		9C835DDC24DFFB9C000901FF /* ItemCell.swift */ = {isa = PBXFileReference; lastKnownFileType = sourcecode.swift; path = ItemCell.swift; sourceTree = "<group>"; };
		9CE4CDB424D65B6F00A8A25E /* SearchViewController.swift */ = {isa = PBXFileReference; lastKnownFileType = sourcecode.swift; path = SearchViewController.swift; sourceTree = "<group>"; };
		9CE4CDB824D6623600A8A25E /* UserDefaultsService.swift */ = {isa = PBXFileReference; lastKnownFileType = sourcecode.swift; path = UserDefaultsService.swift; sourceTree = "<group>"; };
		9CE4CDBB24D6629800A8A25E /* UserDefaultsKey.swift */ = {isa = PBXFileReference; lastKnownFileType = sourcecode.swift; path = UserDefaultsKey.swift; sourceTree = "<group>"; };
		9CE4CDBD24D6638900A8A25E /* AccountService.swift */ = {isa = PBXFileReference; fileEncoding = 4; lastKnownFileType = sourcecode.swift; path = AccountService.swift; sourceTree = "<group>"; };
		9CE4CDC024D6A77700A8A25E /* SettingViewController.swift */ = {isa = PBXFileReference; lastKnownFileType = sourcecode.swift; path = SettingViewController.swift; sourceTree = "<group>"; };
		9CE4CDC224D6A7AD00A8A25E /* SettingReactor.swift */ = {isa = PBXFileReference; lastKnownFileType = sourcecode.swift; path = SettingReactor.swift; sourceTree = "<group>"; };
		9CF363AD24D0530A0008380C /* NavigationBar.swift */ = {isa = PBXFileReference; fileEncoding = 4; lastKnownFileType = sourcecode.swift; path = NavigationBar.swift; sourceTree = "<group>"; };
		B6AB8EDB24DE6BC100EE3CB1 /* SortCell.swift */ = {isa = PBXFileReference; lastKnownFileType = sourcecode.swift; path = SortCell.swift; sourceTree = "<group>"; };
		B6AB8EDC24DE6BC100EE3CB1 /* SortCell.xib */ = {isa = PBXFileReference; lastKnownFileType = file.xib; path = SortCell.xib; sourceTree = "<group>"; };
		B6D6EC5224DB3B8500E27C06 /* MainViewController.swift */ = {isa = PBXFileReference; lastKnownFileType = sourcecode.swift; path = MainViewController.swift; sourceTree = "<group>"; };
		B6D6EC5724DB3C9200E27C06 /* CustomMenuBar.swift */ = {isa = PBXFileReference; lastKnownFileType = sourcecode.swift; path = CustomMenuBar.swift; sourceTree = "<group>"; };
		B6D6EC5B24DB3FBE00E27C06 /* CustomCell.swift */ = {isa = PBXFileReference; lastKnownFileType = sourcecode.swift; path = CustomCell.swift; sourceTree = "<group>"; };
		B6D6EC5C24DB3FBE00E27C06 /* CustomCell.xib */ = {isa = PBXFileReference; lastKnownFileType = file.xib; path = CustomCell.xib; sourceTree = "<group>"; };
		B6D6EC5F24DB40EF00E27C06 /* PageCell.swift */ = {isa = PBXFileReference; lastKnownFileType = sourcecode.swift; path = PageCell.swift; sourceTree = "<group>"; };
		B6D6EC6024DB40EF00E27C06 /* PageCell.xib */ = {isa = PBXFileReference; lastKnownFileType = file.xib; path = PageCell.xib; sourceTree = "<group>"; };
		B6D6EC6424DB41E000E27C06 /* NSObject + reusableIdentifier.swift */ = {isa = PBXFileReference; lastKnownFileType = sourcecode.swift; path = "NSObject + reusableIdentifier.swift"; sourceTree = "<group>"; };
		B6D6EC6924DBF8CE00E27C06 /* ProductCell.swift */ = {isa = PBXFileReference; lastKnownFileType = sourcecode.swift; name = ProductCell.swift; path = Depromeet8th4/Extensions/ProductCell.swift; sourceTree = SOURCE_ROOT; };
		B6D6EC6A24DBF8CE00E27C06 /* ProductCell.xib */ = {isa = PBXFileReference; lastKnownFileType = file.xib; name = ProductCell.xib; path = Depromeet8th4/Extensions/ProductCell.xib; sourceTree = SOURCE_ROOT; };
/* End PBXFileReference section */

/* Begin PBXFrameworksBuildPhase section */
		9C545BDB24BF4C3C00138C78 /* Frameworks */ = {
			isa = PBXFrameworksBuildPhase;
			buildActionMask = 2147483647;
			files = (
				9C7AD84824C011D500AAEBB0 /* ProModule.framework in Frameworks */,
			);
			runOnlyForDeploymentPostprocessing = 0;
		};
/* End PBXFrameworksBuildPhase section */

/* Begin PBXGroup section */
		9C545BD524BF4C3C00138C78 = {
			isa = PBXGroup;
			children = (
				9C545BE024BF4C3C00138C78 /* Depromeet8th4 */,
				9C545BDF24BF4C3C00138C78 /* Products */,
				9C7AD84624C011D500AAEBB0 /* Frameworks */,
			);
			sourceTree = "<group>";
		};
		9C545BDF24BF4C3C00138C78 /* Products */ = {
			isa = PBXGroup;
			children = (
				9C545BDE24BF4C3C00138C78 /* 꿀단지.app */,
			);
			name = Products;
			sourceTree = "<group>";
		};
		9C545BE024BF4C3C00138C78 /* Depromeet8th4 */ = {
			isa = PBXGroup;
			children = (
				B6D6EC6324DB41CF00E27C06 /* Extensions */,
				9C7AD84124C00F1F00AAEBB0 /* App */,
				9CE4CDBA24D6628400A8A25E /* Types */,
				9C7AD86724C036FD00AAEBB0 /* API */,
				9C7AD84C24C0177B00AAEBB0 /* Service */,
				9C7AD84224C00F3600AAEBB0 /* Scene */,
				9C60775C24C1533000E5CBEE /* Base */,
				9CF363AA24D052D50008380C /* View */,
				9C545BEA24BF4C3D00138C78 /* Assets.xcassets */,
				9C545BEC24BF4C3D00138C78 /* LaunchScreen.storyboard */,
				9C545BEF24BF4C3D00138C78 /* Info.plist */,
			);
			path = Depromeet8th4;
			sourceTree = "<group>";
		};
		9C60775C24C1533000E5CBEE /* Base */ = {
			isa = PBXGroup;
			children = (
				9C60775D24C1534600E5CBEE /* BaseViewController.swift */,
				9C71F61E24D42FFD009DD6D7 /* BaseTableViewCell.swift */,
				9C0D59CE24DEE1AC007779CD /* BaseTableViewHeader.swift */,
			);
			path = Base;
			sourceTree = "<group>";
		};
		9C7AD84124C00F1F00AAEBB0 /* App */ = {
			isa = PBXGroup;
			children = (
				9C545BE124BF4C3C00138C78 /* AppDelegate.swift */,
				9C545BE324BF4C3C00138C78 /* SceneDelegate.swift */,
			);
			path = App;
			sourceTree = "<group>";
		};
		9C7AD84224C00F3600AAEBB0 /* Scene */ = {
			isa = PBXGroup;
			children = (
				B6D6EC5024DB3B5900E27C06 /* Main */,
				9CE4CDB224D6592E00A8A25E /* MyPage */,
				9CE4CDBF24D6A76900A8A25E /* Setting */,
				9CE4CDB324D65B2600A8A25E /* Search */,
				9C835DD924DFF4CB000901FF /* List */,
			);
			path = Scene;
			sourceTree = "<group>";
		};
		9C7AD84624C011D500AAEBB0 /* Frameworks */ = {
			isa = PBXGroup;
			children = (
				9C7AD84724C011D500AAEBB0 /* ProModule.framework */,
			);
			name = Frameworks;
			sourceTree = "<group>";
		};
		9C7AD84C24C0177B00AAEBB0 /* Service */ = {
			isa = PBXGroup;
			children = (
				9C7AD86224C035E200AAEBB0 /* BaseService.swift */,
				9C7AD86124C035E200AAEBB0 /* ServiceProvider.swift */,
				9C7AD86524C0360800AAEBB0 /* NetworkService.swift */,
				9CE4CDB824D6623600A8A25E /* UserDefaultsService.swift */,
				9CE4CDBD24D6638900A8A25E /* AccountService.swift */,
				9C7B534F24DEA538005C3CA8 /* SearchWordService.swift */,
				9C1D557524DADC510048BBDF /* NavigationMap.swift */,
			);
			path = Service;
			sourceTree = "<group>";
		};
		9C7AD86724C036FD00AAEBB0 /* API */ = {
			isa = PBXGroup;
			children = (
				9C7AD86824C036FD00AAEBB0 /* ItemAPI.swift */,
			);
			path = API;
			sourceTree = "<group>";
		};
		9C835DD924DFF4CB000901FF /* List */ = {
			isa = PBXGroup;
			children = (
				9C835DDA24DFF4DC000901FF /* ListViewController.swift */,
				9C835DDC24DFFB9C000901FF /* ItemCell.swift */,
			);
			path = List;
			sourceTree = "<group>";
		};
		9CE4CDB224D6592E00A8A25E /* MyPage */ = {
			isa = PBXGroup;
			children = (
				9C4DB81724D19C2800254C79 /* MyPageViewController.swift */,
				9C71F61C24D42EFB009DD6D7 /* MenuCell.swift */,
			);
			path = MyPage;
			sourceTree = "<group>";
		};
		9CE4CDB324D65B2600A8A25E /* Search */ = {
			isa = PBXGroup;
			children = (
				9CE4CDB424D65B6F00A8A25E /* SearchViewController.swift */,
				9C7B534924DE8E7A005C3CA8 /* SearchReactor.swift */,
				9C7B535124DEB116005C3CA8 /* SearchCell.swift */,
				9C0D59CC24DEE159007779CD /* SearchHeader.swift */,
				9C0D59D124DEE8E2007779CD /* SearchSection.swift */,
			);
			path = Search;
			sourceTree = "<group>";
		};
		9CE4CDBA24D6628400A8A25E /* Types */ = {
			isa = PBXGroup;
			children = (
				9CE4CDBB24D6629800A8A25E /* UserDefaultsKey.swift */,
			);
			path = Types;
			sourceTree = "<group>";
		};
		9CE4CDBF24D6A76900A8A25E /* Setting */ = {
			isa = PBXGroup;
			children = (
				9CE4CDC024D6A77700A8A25E /* SettingViewController.swift */,
				9CE4CDC224D6A7AD00A8A25E /* SettingReactor.swift */,
			);
			path = Setting;
			sourceTree = "<group>";
		};
		9CF363AA24D052D50008380C /* View */ = {
			isa = PBXGroup;
			children = (
				9CF363AD24D0530A0008380C /* NavigationBar.swift */,
				9C71F61724D42666009DD6D7 /* VerticalButton.swift */,
			);
			path = View;
			sourceTree = "<group>";
		};
		B6D6EC5024DB3B5900E27C06 /* Main */ = {
			isa = PBXGroup;
			children = (
				B6D6EC6624DBEB9B00E27C06 /* VC */,
				B6D6EC5124DB3B6300E27C06 /* Cells */,
				B6D6EC5424DB3C4100E27C06 /* View */,
			);
			path = Main;
			sourceTree = "<group>";
		};
		B6D6EC5124DB3B6300E27C06 /* Cells */ = {
			isa = PBXGroup;
			children = (
				B6D6EC5B24DB3FBE00E27C06 /* CustomCell.swift */,
				B6D6EC5C24DB3FBE00E27C06 /* CustomCell.xib */,
				B6D6EC5F24DB40EF00E27C06 /* PageCell.swift */,
				B6D6EC6024DB40EF00E27C06 /* PageCell.xib */,
				B6D6EC6924DBF8CE00E27C06 /* ProductCell.swift */,
				B6D6EC6A24DBF8CE00E27C06 /* ProductCell.xib */,
				B6AB8EDB24DE6BC100EE3CB1 /* SortCell.swift */,
				B6AB8EDC24DE6BC100EE3CB1 /* SortCell.xib */,
			);
			path = Cells;
			sourceTree = "<group>";
		};
		B6D6EC5424DB3C4100E27C06 /* View */ = {
			isa = PBXGroup;
			children = (
				B6D6EC5724DB3C9200E27C06 /* CustomMenuBar.swift */,
			);
			path = View;
			sourceTree = "<group>";
		};
		B6D6EC6324DB41CF00E27C06 /* Extensions */ = {
			isa = PBXGroup;
			children = (
				B6D6EC6424DB41E000E27C06 /* NSObject + reusableIdentifier.swift */,
			);
			path = Extensions;
			sourceTree = "<group>";
		};
		B6D6EC6624DBEB9B00E27C06 /* VC */ = {
			isa = PBXGroup;
			children = (
				B6D6EC5224DB3B8500E27C06 /* MainViewController.swift */,
			);
			path = VC;
			sourceTree = "<group>";
		};
/* End PBXGroup section */

/* Begin PBXNativeTarget section */
		9C545BDD24BF4C3C00138C78 /* Depromeet8th4 */ = {
			isa = PBXNativeTarget;
			buildConfigurationList = 9C545BF224BF4C3D00138C78 /* Build configuration list for PBXNativeTarget "Depromeet8th4" */;
			buildPhases = (
				9C545BDA24BF4C3C00138C78 /* Sources */,
				9C545BDB24BF4C3C00138C78 /* Frameworks */,
				9C545BDC24BF4C3C00138C78 /* Resources */,
				9C7AD84A24C011D500AAEBB0 /* Embed Frameworks */,
				B67CF9F224E023510078EA6D /* ShellScript */,
			);
			buildRules = (
			);
			dependencies = (
			);
			name = Depromeet8th4;
			packageProductDependencies = (
			);
			productName = Depromeet8th4;
			productReference = 9C545BDE24BF4C3C00138C78 /* 꿀단지.app */;
			productType = "com.apple.product-type.application";
		};
/* End PBXNativeTarget section */

/* Begin PBXProject section */
		9C545BD624BF4C3C00138C78 /* Project object */ = {
			isa = PBXProject;
			attributes = {
				LastSwiftUpdateCheck = 1150;
				LastUpgradeCheck = 1150;
				ORGANIZATIONNAME = Depromeet;
				TargetAttributes = {
					9C545BDD24BF4C3C00138C78 = {
						CreatedOnToolsVersion = 11.5;
					};
				};
			};
			buildConfigurationList = 9C545BD924BF4C3C00138C78 /* Build configuration list for PBXProject "Depromeet8th4" */;
			compatibilityVersion = "Xcode 9.3";
			developmentRegion = en;
			hasScannedForEncodings = 0;
			knownRegions = (
				en,
				Base,
			);
			mainGroup = 9C545BD524BF4C3C00138C78;
			packageReferences = (
			);
			productRefGroup = 9C545BDF24BF4C3C00138C78 /* Products */;
			projectDirPath = "";
			projectRoot = "";
			targets = (
				9C545BDD24BF4C3C00138C78 /* Depromeet8th4 */,
			);
		};
/* End PBXProject section */

/* Begin PBXResourcesBuildPhase section */
		9C545BDC24BF4C3C00138C78 /* Resources */ = {
			isa = PBXResourcesBuildPhase;
			buildActionMask = 2147483647;
			files = (
				B6D6EC5E24DB3FBE00E27C06 /* CustomCell.xib in Resources */,
				9C545BEE24BF4C3D00138C78 /* LaunchScreen.storyboard in Resources */,
				B6D6EC6C24DBF8CE00E27C06 /* ProductCell.xib in Resources */,
				B6D6EC6224DB40EF00E27C06 /* PageCell.xib in Resources */,
				9C545BEB24BF4C3D00138C78 /* Assets.xcassets in Resources */,
				B6AB8EDE24DE6BC100EE3CB1 /* SortCell.xib in Resources */,
			);
			runOnlyForDeploymentPostprocessing = 0;
		};
/* End PBXResourcesBuildPhase section */

/* Begin PBXShellScriptBuildPhase section */
		B67CF9F224E023510078EA6D /* ShellScript */ = {
			isa = PBXShellScriptBuildPhase;
			buildActionMask = 2147483647;
			files = (
			);
			inputFileListPaths = (
			);
			inputPaths = (
			);
			outputFileListPaths = (
			);
			outputPaths = (
			);
			runOnlyForDeploymentPostprocessing = 0;
			shellPath = /bin/sh;
			shellScript = "# Type a script or drag a script file from your workspace to insert its path.\nif which swiftlint >/dev/null; then\n  swiftlint autocorrect\nelse\n  echo \"warning: SwiftLint not installed, download from https://github.com/realm/SwiftLint\"\nfi\n";
		};
/* End PBXShellScriptBuildPhase section */

/* Begin PBXSourcesBuildPhase section */
		9C545BDA24BF4C3C00138C78 /* Sources */ = {
			isa = PBXSourcesBuildPhase;
			buildActionMask = 2147483647;
			files = (
				9CE4CDBC24D6629800A8A25E /* UserDefaultsKey.swift in Sources */,
				B6D6EC5324DB3B8500E27C06 /* MainViewController.swift in Sources */,
				B6D6EC5D24DB3FBE00E27C06 /* CustomCell.swift in Sources */,
				B6D6EC5824DB3C9200E27C06 /* CustomMenuBar.swift in Sources */,
				9C7AD86324C035E200AAEBB0 /* ServiceProvider.swift in Sources */,
				9CE4CDC324D6A7AD00A8A25E /* SettingReactor.swift in Sources */,
				9C835DDD24DFFB9C000901FF /* ItemCell.swift in Sources */,
				9C71F61D24D42EFB009DD6D7 /* MenuCell.swift in Sources */,
				9C835DDB24DFF4DC000901FF /* ListViewController.swift in Sources */,
				9C7AD86424C035E200AAEBB0 /* BaseService.swift in Sources */,
				B6D6EC6124DB40EF00E27C06 /* PageCell.swift in Sources */,
				9CE4CDC124D6A77700A8A25E /* SettingViewController.swift in Sources */,
				9C7B535024DEA538005C3CA8 /* SearchWordService.swift in Sources */,
				9C545BE224BF4C3C00138C78 /* AppDelegate.swift in Sources */,
				9CF363AE24D0530A0008380C /* NavigationBar.swift in Sources */,
				9C0D59CF24DEE1AC007779CD /* BaseTableViewHeader.swift in Sources */,
				9C0D59D224DEE8E2007779CD /* SearchSection.swift in Sources */,
				9C4DB81824D19C2800254C79 /* MyPageViewController.swift in Sources */,
				B6D6EC6524DB41E000E27C06 /* NSObject + reusableIdentifier.swift in Sources */,
				B6AB8EDD24DE6BC100EE3CB1 /* SortCell.swift in Sources */,
				9C7AD86924C036FD00AAEBB0 /* ItemAPI.swift in Sources */,
				9CE4CDB524D65B6F00A8A25E /* SearchViewController.swift in Sources */,
				9C60775E24C1534600E5CBEE /* BaseViewController.swift in Sources */,
				9C545BE424BF4C3C00138C78 /* SceneDelegate.swift in Sources */,
				9C71F61824D42666009DD6D7 /* VerticalButton.swift in Sources */,
				9CE4CDB924D6623600A8A25E /* UserDefaultsService.swift in Sources */,
				9CE4CDBE24D6638900A8A25E /* AccountService.swift in Sources */,
				B6D6EC6B24DBF8CE00E27C06 /* ProductCell.swift in Sources */,
				9C1D557624DADC510048BBDF /* NavigationMap.swift in Sources */,
				9C71F61F24D42FFD009DD6D7 /* BaseTableViewCell.swift in Sources */,
				9C0D59CD24DEE159007779CD /* SearchHeader.swift in Sources */,
				9C7B534A24DE8E7A005C3CA8 /* SearchReactor.swift in Sources */,
				9C7AD86624C0360800AAEBB0 /* NetworkService.swift in Sources */,
				9C7B535224DEB116005C3CA8 /* SearchCell.swift in Sources */,
			);
			runOnlyForDeploymentPostprocessing = 0;
		};
/* End PBXSourcesBuildPhase section */

/* Begin PBXVariantGroup section */
		9C545BEC24BF4C3D00138C78 /* LaunchScreen.storyboard */ = {
			isa = PBXVariantGroup;
			children = (
				9C545BED24BF4C3D00138C78 /* Base */,
			);
			name = LaunchScreen.storyboard;
			sourceTree = "<group>";
		};
/* End PBXVariantGroup section */

/* Begin XCBuildConfiguration section */
		9C545BF024BF4C3D00138C78 /* Debug */ = {
			isa = XCBuildConfiguration;
			buildSettings = {
				ALWAYS_SEARCH_USER_PATHS = NO;
				CLANG_ANALYZER_NONNULL = YES;
				CLANG_ANALYZER_NUMBER_OBJECT_CONVERSION = YES_AGGRESSIVE;
				CLANG_CXX_LANGUAGE_STANDARD = "gnu++14";
				CLANG_CXX_LIBRARY = "libc++";
				CLANG_ENABLE_MODULES = YES;
				CLANG_ENABLE_OBJC_ARC = YES;
				CLANG_ENABLE_OBJC_WEAK = YES;
				CLANG_WARN_BLOCK_CAPTURE_AUTORELEASING = YES;
				CLANG_WARN_BOOL_CONVERSION = YES;
				CLANG_WARN_COMMA = YES;
				CLANG_WARN_CONSTANT_CONVERSION = YES;
				CLANG_WARN_DEPRECATED_OBJC_IMPLEMENTATIONS = YES;
				CLANG_WARN_DIRECT_OBJC_ISA_USAGE = YES_ERROR;
				CLANG_WARN_DOCUMENTATION_COMMENTS = YES;
				CLANG_WARN_EMPTY_BODY = YES;
				CLANG_WARN_ENUM_CONVERSION = YES;
				CLANG_WARN_INFINITE_RECURSION = YES;
				CLANG_WARN_INT_CONVERSION = YES;
				CLANG_WARN_NON_LITERAL_NULL_CONVERSION = YES;
				CLANG_WARN_OBJC_IMPLICIT_RETAIN_SELF = YES;
				CLANG_WARN_OBJC_LITERAL_CONVERSION = YES;
				CLANG_WARN_OBJC_ROOT_CLASS = YES_ERROR;
				CLANG_WARN_RANGE_LOOP_ANALYSIS = YES;
				CLANG_WARN_STRICT_PROTOTYPES = YES;
				CLANG_WARN_SUSPICIOUS_MOVE = YES;
				CLANG_WARN_UNGUARDED_AVAILABILITY = YES_AGGRESSIVE;
				CLANG_WARN_UNREACHABLE_CODE = YES;
				CLANG_WARN__DUPLICATE_METHOD_MATCH = YES;
				COPY_PHASE_STRIP = NO;
				DEBUG_INFORMATION_FORMAT = dwarf;
				ENABLE_STRICT_OBJC_MSGSEND = YES;
				ENABLE_TESTABILITY = YES;
				GCC_C_LANGUAGE_STANDARD = gnu11;
				GCC_DYNAMIC_NO_PIC = NO;
				GCC_NO_COMMON_BLOCKS = YES;
				GCC_OPTIMIZATION_LEVEL = 0;
				GCC_PREPROCESSOR_DEFINITIONS = (
					"DEBUG=1",
					"$(inherited)",
				);
				GCC_WARN_64_TO_32_BIT_CONVERSION = YES;
				GCC_WARN_ABOUT_RETURN_TYPE = YES_ERROR;
				GCC_WARN_UNDECLARED_SELECTOR = YES;
				GCC_WARN_UNINITIALIZED_AUTOS = YES_AGGRESSIVE;
				GCC_WARN_UNUSED_FUNCTION = YES;
				GCC_WARN_UNUSED_VARIABLE = YES;
				IPHONEOS_DEPLOYMENT_TARGET = 13.5;
				MTL_ENABLE_DEBUG_INFO = INCLUDE_SOURCE;
				MTL_FAST_MATH = YES;
				ONLY_ACTIVE_ARCH = YES;
				SDKROOT = iphoneos;
				SWIFT_ACTIVE_COMPILATION_CONDITIONS = DEBUG;
				SWIFT_OPTIMIZATION_LEVEL = "-Onone";
			};
			name = Debug;
		};
		9C545BF124BF4C3D00138C78 /* Release */ = {
			isa = XCBuildConfiguration;
			buildSettings = {
				ALWAYS_SEARCH_USER_PATHS = NO;
				CLANG_ANALYZER_NONNULL = YES;
				CLANG_ANALYZER_NUMBER_OBJECT_CONVERSION = YES_AGGRESSIVE;
				CLANG_CXX_LANGUAGE_STANDARD = "gnu++14";
				CLANG_CXX_LIBRARY = "libc++";
				CLANG_ENABLE_MODULES = YES;
				CLANG_ENABLE_OBJC_ARC = YES;
				CLANG_ENABLE_OBJC_WEAK = YES;
				CLANG_WARN_BLOCK_CAPTURE_AUTORELEASING = YES;
				CLANG_WARN_BOOL_CONVERSION = YES;
				CLANG_WARN_COMMA = YES;
				CLANG_WARN_CONSTANT_CONVERSION = YES;
				CLANG_WARN_DEPRECATED_OBJC_IMPLEMENTATIONS = YES;
				CLANG_WARN_DIRECT_OBJC_ISA_USAGE = YES_ERROR;
				CLANG_WARN_DOCUMENTATION_COMMENTS = YES;
				CLANG_WARN_EMPTY_BODY = YES;
				CLANG_WARN_ENUM_CONVERSION = YES;
				CLANG_WARN_INFINITE_RECURSION = YES;
				CLANG_WARN_INT_CONVERSION = YES;
				CLANG_WARN_NON_LITERAL_NULL_CONVERSION = YES;
				CLANG_WARN_OBJC_IMPLICIT_RETAIN_SELF = YES;
				CLANG_WARN_OBJC_LITERAL_CONVERSION = YES;
				CLANG_WARN_OBJC_ROOT_CLASS = YES_ERROR;
				CLANG_WARN_RANGE_LOOP_ANALYSIS = YES;
				CLANG_WARN_STRICT_PROTOTYPES = YES;
				CLANG_WARN_SUSPICIOUS_MOVE = YES;
				CLANG_WARN_UNGUARDED_AVAILABILITY = YES_AGGRESSIVE;
				CLANG_WARN_UNREACHABLE_CODE = YES;
				CLANG_WARN__DUPLICATE_METHOD_MATCH = YES;
				COPY_PHASE_STRIP = NO;
				DEBUG_INFORMATION_FORMAT = "dwarf-with-dsym";
				ENABLE_NS_ASSERTIONS = NO;
				ENABLE_STRICT_OBJC_MSGSEND = YES;
				GCC_C_LANGUAGE_STANDARD = gnu11;
				GCC_NO_COMMON_BLOCKS = YES;
				GCC_WARN_64_TO_32_BIT_CONVERSION = YES;
				GCC_WARN_ABOUT_RETURN_TYPE = YES_ERROR;
				GCC_WARN_UNDECLARED_SELECTOR = YES;
				GCC_WARN_UNINITIALIZED_AUTOS = YES_AGGRESSIVE;
				GCC_WARN_UNUSED_FUNCTION = YES;
				GCC_WARN_UNUSED_VARIABLE = YES;
				IPHONEOS_DEPLOYMENT_TARGET = 13.5;
				MTL_ENABLE_DEBUG_INFO = NO;
				MTL_FAST_MATH = YES;
				SDKROOT = iphoneos;
				SWIFT_COMPILATION_MODE = wholemodule;
				SWIFT_OPTIMIZATION_LEVEL = "-O";
				VALIDATE_PRODUCT = YES;
			};
			name = Release;
		};
		9C545BF324BF4C3D00138C78 /* Debug */ = {
			isa = XCBuildConfiguration;
			buildSettings = {
				ASSETCATALOG_COMPILER_APPICON_NAME = AppIcon;
				CODE_SIGN_STYLE = Automatic;
				DEVELOPMENT_TEAM = "";
				INFOPLIST_FILE = Depromeet8th4/Info.plist;
				IPHONEOS_DEPLOYMENT_TARGET = 13.0;
				LD_RUNPATH_SEARCH_PATHS = (
					"$(inherited)",
					"@executable_path/Frameworks",
				);
				MARKETING_VERSION = 1.0;
				PRODUCT_BUNDLE_IDENTIFIER = com.depromeet.Depromeet8th4;
				PRODUCT_NAME = "꿀단지";
				SWIFT_VERSION = 5.0;
				TARGETED_DEVICE_FAMILY = "1,2";
			};
			name = Debug;
		};
		9C545BF424BF4C3D00138C78 /* Release */ = {
			isa = XCBuildConfiguration;
			buildSettings = {
				ASSETCATALOG_COMPILER_APPICON_NAME = AppIcon;
				CODE_SIGN_STYLE = Automatic;
				DEVELOPMENT_TEAM = "";
				INFOPLIST_FILE = Depromeet8th4/Info.plist;
				IPHONEOS_DEPLOYMENT_TARGET = 13.0;
				LD_RUNPATH_SEARCH_PATHS = (
					"$(inherited)",
					"@executable_path/Frameworks",
				);
				MARKETING_VERSION = 1.0;
				PRODUCT_BUNDLE_IDENTIFIER = com.depromeet.Depromeet8th4;
				PRODUCT_NAME = "꿀단지";
				SWIFT_VERSION = 5.0;
				TARGETED_DEVICE_FAMILY = "1,2";
			};
			name = Release;
		};
/* End XCBuildConfiguration section */

/* Begin XCConfigurationList section */
		9C545BD924BF4C3C00138C78 /* Build configuration list for PBXProject "Depromeet8th4" */ = {
			isa = XCConfigurationList;
			buildConfigurations = (
				9C545BF024BF4C3D00138C78 /* Debug */,
				9C545BF124BF4C3D00138C78 /* Release */,
			);
			defaultConfigurationIsVisible = 0;
			defaultConfigurationName = Release;
		};
		9C545BF224BF4C3D00138C78 /* Build configuration list for PBXNativeTarget "Depromeet8th4" */ = {
			isa = XCConfigurationList;
			buildConfigurations = (
				9C545BF324BF4C3D00138C78 /* Debug */,
				9C545BF424BF4C3D00138C78 /* Release */,
			);
			defaultConfigurationIsVisible = 0;
			defaultConfigurationName = Release;
		};
/* End XCConfigurationList section */
	};
	rootObject = 9C545BD624BF4C3C00138C78 /* Project object */;
}
