// !$*UTF8*$!
{
	archiveVersion = 1;
	classes = {
	};
	objectVersion = 50;
	objects = {

/* Begin PBXBuildFile section */
		044B62E724D8449300088487 /* ProductImageCell.swift in Sources */ = {isa = PBXBuildFile; fileRef = 044B62E524D8449300088487 /* ProductImageCell.swift */; };
		044B62E824D8449300088487 /* ProductImageCell.xib in Resources */ = {isa = PBXBuildFile; fileRef = 044B62E624D8449300088487 /* ProductImageCell.xib */; };
		044B62ED24D846D600088487 /* ProductRelatedCell.swift in Sources */ = {isa = PBXBuildFile; fileRef = 044B62EB24D846D600088487 /* ProductRelatedCell.swift */; };
		044B62EE24D846D600088487 /* ProductRelatedCell.xib in Resources */ = {isa = PBXBuildFile; fileRef = 044B62EC24D846D600088487 /* ProductRelatedCell.xib */; };
		044B62F224D8494F00088487 /* GodoM.otf in Resources */ = {isa = PBXBuildFile; fileRef = 044B62F024D8494F00088487 /* GodoM.otf */; };
		044B62FB24D84F6E00088487 /* ProgressStatusAndPromoterCell.swift in Sources */ = {isa = PBXBuildFile; fileRef = 044B62F924D84F6E00088487 /* ProgressStatusAndPromoterCell.swift */; };
		044B62FC24D84F6E00088487 /* ProgressStatusAndPromoterCell.xib in Resources */ = {isa = PBXBuildFile; fileRef = 044B62FA24D84F6E00088487 /* ProgressStatusAndPromoterCell.xib */; };
		044B630024D8584100088487 /* ProductDetailImageCell.swift in Sources */ = {isa = PBXBuildFile; fileRef = 044B62FE24D8584100088487 /* ProductDetailImageCell.swift */; };
		044B630124D8584100088487 /* ProductDetailImageCell.xib in Resources */ = {isa = PBXBuildFile; fileRef = 044B62FF24D8584100088487 /* ProductDetailImageCell.xib */; };
		044B630524D8592300088487 /* CommentTopCell.swift in Sources */ = {isa = PBXBuildFile; fileRef = 044B630324D8592300088487 /* CommentTopCell.swift */; };
		044B630624D8592300088487 /* CommentTopCell.xib in Resources */ = {isa = PBXBuildFile; fileRef = 044B630424D8592300088487 /* CommentTopCell.xib */; };
		044B630C24D85DB300088487 /* CommentCell.swift in Sources */ = {isa = PBXBuildFile; fileRef = 044B630A24D85DB300088487 /* CommentCell.swift */; };
		044B630D24D85DB300088487 /* CommentCell.xib in Resources */ = {isa = PBXBuildFile; fileRef = 044B630B24D85DB300088487 /* CommentCell.xib */; };
		044B631124DAEFE400088487 /* FunctionCell.swift in Sources */ = {isa = PBXBuildFile; fileRef = 044B630F24DAEFE400088487 /* FunctionCell.swift */; };
		044B631224DAEFE400088487 /* FunctionCell.xib in Resources */ = {isa = PBXBuildFile; fileRef = 044B631024DAEFE400088487 /* FunctionCell.xib */; };
		044B631524DAF77600088487 /* DetailViewController.swift in Sources */ = {isa = PBXBuildFile; fileRef = 044B631324DAF77600088487 /* DetailViewController.swift */; };
		044B631624DAF77600088487 /* DetailViewController.xib in Resources */ = {isa = PBXBuildFile; fileRef = 044B631424DAF77600088487 /* DetailViewController.xib */; };
		9C0D59CD24DEE159007779CD /* SearchHeader.swift in Sources */ = {isa = PBXBuildFile; fileRef = 9C0D59CC24DEE159007779CD /* SearchHeader.swift */; };
		9C0D59CF24DEE1AC007779CD /* BaseTableViewHeader.swift in Sources */ = {isa = PBXBuildFile; fileRef = 9C0D59CE24DEE1AC007779CD /* BaseTableViewHeader.swift */; };
		9C0D59D224DEE8E2007779CD /* SearchSection.swift in Sources */ = {isa = PBXBuildFile; fileRef = 9C0D59D124DEE8E2007779CD /* SearchSection.swift */; };
		9C1D557624DADC510048BBDF /* NavigationMap.swift in Sources */ = {isa = PBXBuildFile; fileRef = 9C1D557524DADC510048BBDF /* NavigationMap.swift */; };
		9C26539224EA21B9009E5D5E /* DiscountModalViewController.swift in Sources */ = {isa = PBXBuildFile; fileRef = 9C26539124EA21B9009E5D5E /* DiscountModalViewController.swift */; };
		9C26539524EA2218009E5D5E /* DiscountEntity.swift in Sources */ = {isa = PBXBuildFile; fileRef = 9C26539424EA2218009E5D5E /* DiscountEntity.swift */; };
		9C26539724EA2431009E5D5E /* DiscountCell.swift in Sources */ = {isa = PBXBuildFile; fileRef = 9C26539624EA2431009E5D5E /* DiscountCell.swift */; };
		9C47BF3E24E6B851005238BE /* ResizableTextView.swift in Sources */ = {isa = PBXBuildFile; fileRef = 9C47BF3D24E6B851005238BE /* ResizableTextView.swift */; };
		9C4DB81824D19C2800254C79 /* MyPageViewController.swift in Sources */ = {isa = PBXBuildFile; fileRef = 9C4DB81724D19C2800254C79 /* MyPageViewController.swift */; };
		9C6475FB24E2B6360067EA5F /* ResizableTableView.swift in Sources */ = {isa = PBXBuildFile; fileRef = 9C6475FA24E2B6350067EA5F /* ResizableTableView.swift */; };
		9C697D3124ED23C100ABCC7C /* Logger.swift in Sources */ = {isa = PBXBuildFile; fileRef = 9C697D3024ED23C100ABCC7C /* Logger.swift */; };
		9C71F61D24D42EFB009DD6D7 /* MenuCell.swift in Sources */ = {isa = PBXBuildFile; fileRef = 9C71F61C24D42EFB009DD6D7 /* MenuCell.swift */; };
		9C71F61F24D42FFD009DD6D7 /* BaseTableViewCell.swift in Sources */ = {isa = PBXBuildFile; fileRef = 9C71F61E24D42FFD009DD6D7 /* BaseTableViewCell.swift */; };
		9C7AD84824C011D500AAEBB0 /* ProModule.framework in Frameworks */ = {isa = PBXBuildFile; fileRef = 9C7AD84724C011D500AAEBB0 /* ProModule.framework */; };
		9C7AD84924C011D500AAEBB0 /* ProModule.framework in Embed Frameworks */ = {isa = PBXBuildFile; fileRef = 9C7AD84724C011D500AAEBB0 /* ProModule.framework */; settings = {ATTRIBUTES = (CodeSignOnCopy, RemoveHeadersOnCopy, ); }; };
		9C7AD86324C035E200AAEBB0 /* ServiceProvider.swift in Sources */ = {isa = PBXBuildFile; fileRef = 9C7AD86124C035E200AAEBB0 /* ServiceProvider.swift */; };
		9C7AD86624C0360800AAEBB0 /* NetworkService.swift in Sources */ = {isa = PBXBuildFile; fileRef = 9C7AD86524C0360800AAEBB0 /* NetworkService.swift */; };
		9C7AD86924C036FD00AAEBB0 /* HoneyPotAPI.swift in Sources */ = {isa = PBXBuildFile; fileRef = 9C7AD86824C036FD00AAEBB0 /* HoneyPotAPI.swift */; };
		9C7B534A24DE8E7A005C3CA8 /* SearchReactor.swift in Sources */ = {isa = PBXBuildFile; fileRef = 9C7B534924DE8E7A005C3CA8 /* SearchReactor.swift */; };
		9C7B535024DEA538005C3CA8 /* SearchWordService.swift in Sources */ = {isa = PBXBuildFile; fileRef = 9C7B534F24DEA538005C3CA8 /* SearchWordService.swift */; };
		9C7B535224DEB116005C3CA8 /* SearchCell.swift in Sources */ = {isa = PBXBuildFile; fileRef = 9C7B535124DEB116005C3CA8 /* SearchCell.swift */; };
		9C7CDB5824E555F000801F84 /* MyPageReactor.swift in Sources */ = {isa = PBXBuildFile; fileRef = 9C7CDB5724E555F000801F84 /* MyPageReactor.swift */; };
		9C7CDB5A24E5574F00801F84 /* Menu.swift in Sources */ = {isa = PBXBuildFile; fileRef = 9C7CDB5924E5574F00801F84 /* Menu.swift */; };
		9C7CDB5F24E56C4100801F84 /* ItemViewController.swift in Sources */ = {isa = PBXBuildFile; fileRef = 9C7CDB5E24E56C4100801F84 /* ItemViewController.swift */; };
		9C7CDB6124E56CBF00801F84 /* ItemReactor.swift in Sources */ = {isa = PBXBuildFile; fileRef = 9C7CDB6024E56CBF00801F84 /* ItemReactor.swift */; };
		9C835DDB24DFF4DC000901FF /* ListViewController.swift in Sources */ = {isa = PBXBuildFile; fileRef = 9C835DDA24DFF4DC000901FF /* ListViewController.swift */; };
		9C835DDD24DFFB9C000901FF /* ItemCell.swift in Sources */ = {isa = PBXBuildFile; fileRef = 9C835DDC24DFFB9C000901FF /* ItemCell.swift */; };
		9C87E60424EAB20E00686274 /* ItemCommentCell.swift in Sources */ = {isa = PBXBuildFile; fileRef = 9C87E60224EAB20E00686274 /* ItemCommentCell.swift */; };
		9C87E60524EAB20E00686274 /* ItemCommentCell.swift in Sources */ = {isa = PBXBuildFile; fileRef = 9C87E60224EAB20E00686274 /* ItemCommentCell.swift */; };
		9C87E60624EAB20E00686274 /* ItemSubCommentCell.swift in Sources */ = {isa = PBXBuildFile; fileRef = 9C87E60324EAB20E00686274 /* ItemSubCommentCell.swift */; };
		9C87E60724EAB20E00686274 /* ItemSubCommentCell.swift in Sources */ = {isa = PBXBuildFile; fileRef = 9C87E60324EAB20E00686274 /* ItemSubCommentCell.swift */; };
		9C9040FE24EA93E1000E21A3 /* SceneDelegate.swift in Sources */ = {isa = PBXBuildFile; fileRef = 9C545BE324BF4C3C00138C78 /* SceneDelegate.swift */; };
		9C9040FF24EA93E1000E21A3 /* AppDelegate.swift in Sources */ = {isa = PBXBuildFile; fileRef = 9C545BE124BF4C3C00138C78 /* AppDelegate.swift */; };
		9C90410024EA93E1000E21A3 /* VerticalButton.swift in Sources */ = {isa = PBXBuildFile; fileRef = 9C71F61724D42666009DD6D7 /* VerticalButton.swift */; };
		9C90410124EA93E1000E21A3 /* SortModalViewController.swift in Sources */ = {isa = PBXBuildFile; fileRef = 9CA2CBC524E8C90500AE5322 /* SortModalViewController.swift */; };
		9C90410224EA93E1000E21A3 /* NavigationBar.swift in Sources */ = {isa = PBXBuildFile; fileRef = 9CF363AD24D0530A0008380C /* NavigationBar.swift */; };
		9C90410324EA93E1000E21A3 /* BaseViewController.swift in Sources */ = {isa = PBXBuildFile; fileRef = 9C60775D24C1534600E5CBEE /* BaseViewController.swift */; };
		9C90410424EA93E1000E21A3 /* BaseService.swift in Sources */ = {isa = PBXBuildFile; fileRef = 9C7AD86224C035E200AAEBB0 /* BaseService.swift */; };
		9C90410524EA93E1000E21A3 /* ItemReactor.swift in Sources */ = {isa = PBXBuildFile; fileRef = 9C7CDB6024E56CBF00801F84 /* ItemReactor.swift */; };
		9C90410624EA93E1000E21A3 /* UserDefaultsKey.swift in Sources */ = {isa = PBXBuildFile; fileRef = 9CE4CDBB24D6629800A8A25E /* UserDefaultsKey.swift */; };
		9C90410724EA93E1000E21A3 /* MainViewController.swift in Sources */ = {isa = PBXBuildFile; fileRef = B6D6EC5224DB3B8500E27C06 /* MainViewController.swift */; };
		9C90410824EA93E1000E21A3 /* CustomCell.swift in Sources */ = {isa = PBXBuildFile; fileRef = B6D6EC5B24DB3FBE00E27C06 /* CustomCell.swift */; };
		9C90410924EA93E1000E21A3 /* CustomMenuBar.swift in Sources */ = {isa = PBXBuildFile; fileRef = B6D6EC5724DB3C9200E27C06 /* CustomMenuBar.swift */; };
		9C90410A24EA93E1000E21A3 /* ServiceProvider.swift in Sources */ = {isa = PBXBuildFile; fileRef = 9C7AD86124C035E200AAEBB0 /* ServiceProvider.swift */; };
		9C90410B24EA93E1000E21A3 /* ProductImageCell.swift in Sources */ = {isa = PBXBuildFile; fileRef = 044B62E524D8449300088487 /* ProductImageCell.swift */; };
		9C90410C24EA93E1000E21A3 /* SettingReactor.swift in Sources */ = {isa = PBXBuildFile; fileRef = 9CE4CDC224D6A7AD00A8A25E /* SettingReactor.swift */; };
		9C90410D24EA93E1000E21A3 /* ItemCell.swift in Sources */ = {isa = PBXBuildFile; fileRef = 9C835DDC24DFFB9C000901FF /* ItemCell.swift */; };
		9C90410E24EA93E1000E21A3 /* DiscountCell.swift in Sources */ = {isa = PBXBuildFile; fileRef = 9C26539624EA2431009E5D5E /* DiscountCell.swift */; };
		9C90410F24EA93E1000E21A3 /* MenuCell.swift in Sources */ = {isa = PBXBuildFile; fileRef = 9C71F61C24D42EFB009DD6D7 /* MenuCell.swift */; };
		9C90411024EA93E1000E21A3 /* BottomSheetItemCell.swift in Sources */ = {isa = PBXBuildFile; fileRef = 9CA2CBC724E905DD00AE5322 /* BottomSheetItemCell.swift */; };
		9C90411124EA93E1000E21A3 /* ProductDetailImageCell.swift in Sources */ = {isa = PBXBuildFile; fileRef = 044B62FE24D8584100088487 /* ProductDetailImageCell.swift */; };
		9C90411224EA93E1000E21A3 /* DetailViewController.swift in Sources */ = {isa = PBXBuildFile; fileRef = 044B631324DAF77600088487 /* DetailViewController.swift */; };
		9C90411324EA93E1000E21A3 /* ProductRelatedCell.swift in Sources */ = {isa = PBXBuildFile; fileRef = 044B62EB24D846D600088487 /* ProductRelatedCell.swift */; };
		9C90411424EA93E1000E21A3 /* ProgressStatusAndPromoterCell.swift in Sources */ = {isa = PBXBuildFile; fileRef = 044B62F924D84F6E00088487 /* ProgressStatusAndPromoterCell.swift */; };
		9C90411524EA93E1000E21A3 /* ListViewController.swift in Sources */ = {isa = PBXBuildFile; fileRef = 9C835DDA24DFF4DC000901FF /* ListViewController.swift */; };
		9C90411624EA93E1000E21A3 /* Menu.swift in Sources */ = {isa = PBXBuildFile; fileRef = 9C7CDB5924E5574F00801F84 /* Menu.swift */; };
		9C90411724EA93E1000E21A3 /* PageCell.swift in Sources */ = {isa = PBXBuildFile; fileRef = B6D6EC5F24DB40EF00E27C06 /* PageCell.swift */; };
		9C90411824EA93E1000E21A3 /* SettingViewController.swift in Sources */ = {isa = PBXBuildFile; fileRef = 9CE4CDC024D6A77700A8A25E /* SettingViewController.swift */; };
		9C90411924EA93E1000E21A3 /* SearchWordService.swift in Sources */ = {isa = PBXBuildFile; fileRef = 9C7B534F24DEA538005C3CA8 /* SearchWordService.swift */; };
		9C90411A24EA93E1000E21A3 /* ItemViewController.swift in Sources */ = {isa = PBXBuildFile; fileRef = 9C7CDB5E24E56C4100801F84 /* ItemViewController.swift */; };
		9C90411B24EA93E1000E21A3 /* BaseTableViewHeader.swift in Sources */ = {isa = PBXBuildFile; fileRef = 9C0D59CE24DEE1AC007779CD /* BaseTableViewHeader.swift */; };
		9C90411C24EA93E1000E21A3 /* SearchSection.swift in Sources */ = {isa = PBXBuildFile; fileRef = 9C0D59D124DEE8E2007779CD /* SearchSection.swift */; };
		9C90411D24EA93E1000E21A3 /* MyPageViewController.swift in Sources */ = {isa = PBXBuildFile; fileRef = 9C4DB81724D19C2800254C79 /* MyPageViewController.swift */; };
		9C90411E24EA93E1000E21A3 /* MyPageReactor.swift in Sources */ = {isa = PBXBuildFile; fileRef = 9C7CDB5724E555F000801F84 /* MyPageReactor.swift */; };
		9C90411F24EA93E1000E21A3 /* ResizableTextView.swift in Sources */ = {isa = PBXBuildFile; fileRef = 9C47BF3D24E6B851005238BE /* ResizableTextView.swift */; };
		9C90412024EA93E1000E21A3 /* NSObject + reusableIdentifier.swift in Sources */ = {isa = PBXBuildFile; fileRef = B6D6EC6424DB41E000E27C06 /* NSObject + reusableIdentifier.swift */; };
		9C90412124EA93E1000E21A3 /* SortCell.swift in Sources */ = {isa = PBXBuildFile; fileRef = B6AB8EDB24DE6BC100EE3CB1 /* SortCell.swift */; };
		9C90412224EA93E1000E21A3 /* HoneyPotAPI.swift in Sources */ = {isa = PBXBuildFile; fileRef = 9C7AD86824C036FD00AAEBB0 /* HoneyPotAPI.swift */; };
		9C90412324EA93E1000E21A3 /* FunctionCell.swift in Sources */ = {isa = PBXBuildFile; fileRef = 044B630F24DAEFE400088487 /* FunctionCell.swift */; };
		9C90412424EA93E1000E21A3 /* CommentCell.swift in Sources */ = {isa = PBXBuildFile; fileRef = 044B630A24D85DB300088487 /* CommentCell.swift */; };
		9C90412524EA93E1000E21A3 /* ResizableTableView.swift in Sources */ = {isa = PBXBuildFile; fileRef = 9C6475FA24E2B6350067EA5F /* ResizableTableView.swift */; };
		9C90412624EA93E1000E21A3 /* DiscountModalViewController.swift in Sources */ = {isa = PBXBuildFile; fileRef = 9C26539124EA21B9009E5D5E /* DiscountModalViewController.swift */; };
		9C90412724EA93E1000E21A3 /* SearchViewController.swift in Sources */ = {isa = PBXBuildFile; fileRef = 9CE4CDB424D65B6F00A8A25E /* SearchViewController.swift */; };
		9C90412824EA93E1000E21A3 /* UserDefaultsService.swift in Sources */ = {isa = PBXBuildFile; fileRef = 9CE4CDB824D6623600A8A25E /* UserDefaultsService.swift */; };
		9C90412924EA93E1000E21A3 /* AccountService.swift in Sources */ = {isa = PBXBuildFile; fileRef = 9CE4CDBD24D6638900A8A25E /* AccountService.swift */; };
		9C90412A24EA93E1000E21A3 /* ProductCell.swift in Sources */ = {isa = PBXBuildFile; fileRef = B6D6EC6924DBF8CE00E27C06 /* ProductCell.swift */; };
		9C90412B24EA93E1000E21A3 /* NavigationMap.swift in Sources */ = {isa = PBXBuildFile; fileRef = 9C1D557524DADC510048BBDF /* NavigationMap.swift */; };
		9C90412C24EA93E1000E21A3 /* DiscountEntity.swift in Sources */ = {isa = PBXBuildFile; fileRef = 9C26539424EA2218009E5D5E /* DiscountEntity.swift */; };
		9C90412D24EA93E1000E21A3 /* BaseTableViewCell.swift in Sources */ = {isa = PBXBuildFile; fileRef = 9C71F61E24D42FFD009DD6D7 /* BaseTableViewCell.swift */; };
		9C90412E24EA93E1000E21A3 /* SearchHeader.swift in Sources */ = {isa = PBXBuildFile; fileRef = 9C0D59CC24DEE159007779CD /* SearchHeader.swift */; };
		9C90412F24EA93E1000E21A3 /* ListReactor.swift in Sources */ = {isa = PBXBuildFile; fileRef = 9CD7A2FA24E16F550079C21F /* ListReactor.swift */; };
		9C90413024EA93E1000E21A3 /* SearchReactor.swift in Sources */ = {isa = PBXBuildFile; fileRef = 9C7B534924DE8E7A005C3CA8 /* SearchReactor.swift */; };
		9C90413124EA93E1000E21A3 /* NetworkService.swift in Sources */ = {isa = PBXBuildFile; fileRef = 9C7AD86524C0360800AAEBB0 /* NetworkService.swift */; };
		9C90413224EA93E1000E21A3 /* CommentTopCell.swift in Sources */ = {isa = PBXBuildFile; fileRef = 044B630324D8592300088487 /* CommentTopCell.swift */; };
		9C90413324EA93E1000E21A3 /* SearchCell.swift in Sources */ = {isa = PBXBuildFile; fileRef = 9C7B535124DEB116005C3CA8 /* SearchCell.swift */; };
		9C90413524EA93E1000E21A3 /* ProModule.framework in Frameworks */ = {isa = PBXBuildFile; fileRef = 9C7AD84724C011D500AAEBB0 /* ProModule.framework */; };
		9C90413724EA93E1000E21A3 /* Assets.xcassets in Resources */ = {isa = PBXBuildFile; fileRef = 9C545BEA24BF4C3D00138C78 /* Assets.xcassets */; };
		9C90413824EA93E1000E21A3 /* LaunchScreen.storyboard in Resources */ = {isa = PBXBuildFile; fileRef = 9C545BEC24BF4C3D00138C78 /* LaunchScreen.storyboard */; };
		9C90413924EA93E1000E21A3 /* ProductRelatedCell.xib in Resources */ = {isa = PBXBuildFile; fileRef = 044B62EC24D846D600088487 /* ProductRelatedCell.xib */; };
		9C90413A24EA93E1000E21A3 /* GodoB.otf in Resources */ = {isa = PBXBuildFile; fileRef = 044B62F124D8494F00088487 /* GodoB.otf */; };
		9C90413B24EA93E1000E21A3 /* ProgressStatusAndPromoterCell.xib in Resources */ = {isa = PBXBuildFile; fileRef = 044B62FA24D84F6E00088487 /* ProgressStatusAndPromoterCell.xib */; };
		9C90413C24EA93E1000E21A3 /* ProductImageCell.xib in Resources */ = {isa = PBXBuildFile; fileRef = 044B62E624D8449300088487 /* ProductImageCell.xib */; };
		9C90413D24EA93E1000E21A3 /* ProductDetailImageCell.xib in Resources */ = {isa = PBXBuildFile; fileRef = 044B62FF24D8584100088487 /* ProductDetailImageCell.xib */; };
		9C90413E24EA93E1000E21A3 /* DetailViewController.xib in Resources */ = {isa = PBXBuildFile; fileRef = 044B631424DAF77600088487 /* DetailViewController.xib */; };
		9C90413F24EA93E1000E21A3 /* GodoM.otf in Resources */ = {isa = PBXBuildFile; fileRef = 044B62F024D8494F00088487 /* GodoM.otf */; };
		9C90414024EA93E1000E21A3 /* CommentCell.xib in Resources */ = {isa = PBXBuildFile; fileRef = 044B630B24D85DB300088487 /* CommentCell.xib */; };
		9C90414124EA93E1000E21A3 /* CommentTopCell.xib in Resources */ = {isa = PBXBuildFile; fileRef = 044B630424D8592300088487 /* CommentTopCell.xib */; };
		9C90414224EA93E1000E21A3 /* FunctionCell.xib in Resources */ = {isa = PBXBuildFile; fileRef = 044B631024DAEFE400088487 /* FunctionCell.xib */; };
		9C90414324EA93E1000E21A3 /* CustomCell.xib in Resources */ = {isa = PBXBuildFile; fileRef = B6D6EC5C24DB3FBE00E27C06 /* CustomCell.xib */; };
		9C90414424EA93E1000E21A3 /* ProductCell.xib in Resources */ = {isa = PBXBuildFile; fileRef = B6D6EC6A24DBF8CE00E27C06 /* ProductCell.xib */; };
		9C90414524EA93E1000E21A3 /* PageCell.xib in Resources */ = {isa = PBXBuildFile; fileRef = B6D6EC6024DB40EF00E27C06 /* PageCell.xib */; };
		9C90414624EA93E1000E21A3 /* SortCell.xib in Resources */ = {isa = PBXBuildFile; fileRef = B6AB8EDC24DE6BC100EE3CB1 /* SortCell.xib */; };
		9C90414824EA93E1000E21A3 /* ProModule.framework in Embed Frameworks */ = {isa = PBXBuildFile; fileRef = 9C7AD84724C011D500AAEBB0 /* ProModule.framework */; settings = {ATTRIBUTES = (CodeSignOnCopy, RemoveHeadersOnCopy, ); }; };
		9CA2CBC624E8C90500AE5322 /* SortModalViewController.swift in Sources */ = {isa = PBXBuildFile; fileRef = 9CA2CBC524E8C90500AE5322 /* SortModalViewController.swift */; };
		9CA2CBC824E905DD00AE5322 /* BottomSheetItemCell.swift in Sources */ = {isa = PBXBuildFile; fileRef = 9CA2CBC724E905DD00AE5322 /* BottomSheetItemCell.swift */; };
		9CA7FA7824EF99CA004BA440 /* Logger.swift in Sources */ = {isa = PBXBuildFile; fileRef = 9C697D3024ED23C100ABCC7C /* Logger.swift */; };
		9CC407E424E766EF009FC68F /* BaseService.swift in Sources */ = {isa = PBXBuildFile; fileRef = 9C7AD86224C035E200AAEBB0 /* BaseService.swift */; };
		9CC407E524E76704009FC68F /* BaseViewController.swift in Sources */ = {isa = PBXBuildFile; fileRef = 9C60775D24C1534600E5CBEE /* BaseViewController.swift */; };
		9CC407E624E76709009FC68F /* NavigationBar.swift in Sources */ = {isa = PBXBuildFile; fileRef = 9CF363AD24D0530A0008380C /* NavigationBar.swift */; };
		9CC407E724E76713009FC68F /* VerticalButton.swift in Sources */ = {isa = PBXBuildFile; fileRef = 9C71F61724D42666009DD6D7 /* VerticalButton.swift */; };
		9CC407E824E7672B009FC68F /* LaunchScreen.storyboard in Resources */ = {isa = PBXBuildFile; fileRef = 9C545BEC24BF4C3D00138C78 /* LaunchScreen.storyboard */; };
		9CC407E924E7676A009FC68F /* Assets.xcassets in Resources */ = {isa = PBXBuildFile; fileRef = 9C545BEA24BF4C3D00138C78 /* Assets.xcassets */; };
		9CC407EA24E7678A009FC68F /* AppDelegate.swift in Sources */ = {isa = PBXBuildFile; fileRef = 9C545BE124BF4C3C00138C78 /* AppDelegate.swift */; };
		9CC407EB24E767AE009FC68F /* SceneDelegate.swift in Sources */ = {isa = PBXBuildFile; fileRef = 9C545BE324BF4C3C00138C78 /* SceneDelegate.swift */; };
		9CD03D1C24ECC27A0049EB93 /* CommentViewController.swift in Sources */ = {isa = PBXBuildFile; fileRef = 9CD03D1B24ECC27A0049EB93 /* CommentViewController.swift */; };
		9CD03D1E24ECC2930049EB93 /* CommentReactor.swift in Sources */ = {isa = PBXBuildFile; fileRef = 9CD03D1D24ECC2930049EB93 /* CommentReactor.swift */; };
		9CD03D1F24ECC6A60049EB93 /* CommentReactor.swift in Sources */ = {isa = PBXBuildFile; fileRef = 9CD03D1D24ECC2930049EB93 /* CommentReactor.swift */; };
		9CD03D2024ECC6A90049EB93 /* CommentViewController.swift in Sources */ = {isa = PBXBuildFile; fileRef = 9CD03D1B24ECC27A0049EB93 /* CommentViewController.swift */; };
		9CD0A28624E6D66400CCCBB0 /* GodoB.otf in Resources */ = {isa = PBXBuildFile; fileRef = 044B62F124D8494F00088487 /* GodoB.otf */; };
		9CD7A2FB24E16F550079C21F /* ListReactor.swift in Sources */ = {isa = PBXBuildFile; fileRef = 9CD7A2FA24E16F550079C21F /* ListReactor.swift */; };
		9CE4CDB524D65B6F00A8A25E /* SearchViewController.swift in Sources */ = {isa = PBXBuildFile; fileRef = 9CE4CDB424D65B6F00A8A25E /* SearchViewController.swift */; };
		9CE4CDB924D6623600A8A25E /* UserDefaultsService.swift in Sources */ = {isa = PBXBuildFile; fileRef = 9CE4CDB824D6623600A8A25E /* UserDefaultsService.swift */; };
		9CE4CDBC24D6629800A8A25E /* UserDefaultsKey.swift in Sources */ = {isa = PBXBuildFile; fileRef = 9CE4CDBB24D6629800A8A25E /* UserDefaultsKey.swift */; };
		9CE4CDBE24D6638900A8A25E /* AccountService.swift in Sources */ = {isa = PBXBuildFile; fileRef = 9CE4CDBD24D6638900A8A25E /* AccountService.swift */; };
		9CE4CDC124D6A77700A8A25E /* SettingViewController.swift in Sources */ = {isa = PBXBuildFile; fileRef = 9CE4CDC024D6A77700A8A25E /* SettingViewController.swift */; };
		9CE4CDC324D6A7AD00A8A25E /* SettingReactor.swift in Sources */ = {isa = PBXBuildFile; fileRef = 9CE4CDC224D6A7AD00A8A25E /* SettingReactor.swift */; };
		B6AB8EDD24DE6BC100EE3CB1 /* SortCell.swift in Sources */ = {isa = PBXBuildFile; fileRef = B6AB8EDB24DE6BC100EE3CB1 /* SortCell.swift */; };
		B6AB8EDE24DE6BC100EE3CB1 /* SortCell.xib in Resources */ = {isa = PBXBuildFile; fileRef = B6AB8EDC24DE6BC100EE3CB1 /* SortCell.xib */; };
		B6D6EC5324DB3B8500E27C06 /* MainViewController.swift in Sources */ = {isa = PBXBuildFile; fileRef = B6D6EC5224DB3B8500E27C06 /* MainViewController.swift */; };
		B6D6EC5824DB3C9200E27C06 /* CustomMenuBar.swift in Sources */ = {isa = PBXBuildFile; fileRef = B6D6EC5724DB3C9200E27C06 /* CustomMenuBar.swift */; };
		B6D6EC5D24DB3FBE00E27C06 /* CustomCell.swift in Sources */ = {isa = PBXBuildFile; fileRef = B6D6EC5B24DB3FBE00E27C06 /* CustomCell.swift */; };
		B6D6EC5E24DB3FBE00E27C06 /* CustomCell.xib in Resources */ = {isa = PBXBuildFile; fileRef = B6D6EC5C24DB3FBE00E27C06 /* CustomCell.xib */; };
		B6D6EC6124DB40EF00E27C06 /* PageCell.swift in Sources */ = {isa = PBXBuildFile; fileRef = B6D6EC5F24DB40EF00E27C06 /* PageCell.swift */; };
		B6D6EC6224DB40EF00E27C06 /* PageCell.xib in Resources */ = {isa = PBXBuildFile; fileRef = B6D6EC6024DB40EF00E27C06 /* PageCell.xib */; };
		B6D6EC6524DB41E000E27C06 /* NSObject + reusableIdentifier.swift in Sources */ = {isa = PBXBuildFile; fileRef = B6D6EC6424DB41E000E27C06 /* NSObject + reusableIdentifier.swift */; };
		B6D6EC6B24DBF8CE00E27C06 /* ProductCell.swift in Sources */ = {isa = PBXBuildFile; fileRef = B6D6EC6924DBF8CE00E27C06 /* ProductCell.swift */; };
		B6D6EC6C24DBF8CE00E27C06 /* ProductCell.xib in Resources */ = {isa = PBXBuildFile; fileRef = B6D6EC6A24DBF8CE00E27C06 /* ProductCell.xib */; };
/* End PBXBuildFile section */

/* Begin PBXCopyFilesBuildPhase section */
		9C7AD84A24C011D500AAEBB0 /* Embed Frameworks */ = {
			isa = PBXCopyFilesBuildPhase;
			buildActionMask = 2147483647;
			dstPath = "";
			dstSubfolderSpec = 10;
			files = (
				9C7AD84924C011D500AAEBB0 /* ProModule.framework in Embed Frameworks */,
			);
			name = "Embed Frameworks";
			runOnlyForDeploymentPostprocessing = 0;
		};
		9C90414724EA93E1000E21A3 /* Embed Frameworks */ = {
			isa = PBXCopyFilesBuildPhase;
			buildActionMask = 2147483647;
			dstPath = "";
			dstSubfolderSpec = 10;
			files = (
				9C90414824EA93E1000E21A3 /* ProModule.framework in Embed Frameworks */,
			);
			name = "Embed Frameworks";
			runOnlyForDeploymentPostprocessing = 0;
		};
/* End PBXCopyFilesBuildPhase section */

/* Begin PBXFileReference section */
		044B62E524D8449300088487 /* ProductImageCell.swift */ = {isa = PBXFileReference; lastKnownFileType = sourcecode.swift; path = ProductImageCell.swift; sourceTree = "<group>"; };
		044B62E624D8449300088487 /* ProductImageCell.xib */ = {isa = PBXFileReference; lastKnownFileType = file.xib; path = ProductImageCell.xib; sourceTree = "<group>"; };
		044B62EB24D846D600088487 /* ProductRelatedCell.swift */ = {isa = PBXFileReference; lastKnownFileType = sourcecode.swift; path = ProductRelatedCell.swift; sourceTree = "<group>"; };
		044B62EC24D846D600088487 /* ProductRelatedCell.xib */ = {isa = PBXFileReference; lastKnownFileType = file.xib; path = ProductRelatedCell.xib; sourceTree = "<group>"; };
		044B62F024D8494F00088487 /* GodoM.otf */ = {isa = PBXFileReference; lastKnownFileType = file; path = GodoM.otf; sourceTree = "<group>"; };
		044B62F124D8494F00088487 /* GodoB.otf */ = {isa = PBXFileReference; lastKnownFileType = file; path = GodoB.otf; sourceTree = "<group>"; };
		044B62F924D84F6E00088487 /* ProgressStatusAndPromoterCell.swift */ = {isa = PBXFileReference; lastKnownFileType = sourcecode.swift; path = ProgressStatusAndPromoterCell.swift; sourceTree = "<group>"; };
		044B62FA24D84F6E00088487 /* ProgressStatusAndPromoterCell.xib */ = {isa = PBXFileReference; lastKnownFileType = file.xib; path = ProgressStatusAndPromoterCell.xib; sourceTree = "<group>"; };
		044B62FE24D8584100088487 /* ProductDetailImageCell.swift */ = {isa = PBXFileReference; lastKnownFileType = sourcecode.swift; path = ProductDetailImageCell.swift; sourceTree = "<group>"; };
		044B62FF24D8584100088487 /* ProductDetailImageCell.xib */ = {isa = PBXFileReference; lastKnownFileType = file.xib; path = ProductDetailImageCell.xib; sourceTree = "<group>"; };
		044B630324D8592300088487 /* CommentTopCell.swift */ = {isa = PBXFileReference; lastKnownFileType = sourcecode.swift; path = CommentTopCell.swift; sourceTree = "<group>"; };
		044B630424D8592300088487 /* CommentTopCell.xib */ = {isa = PBXFileReference; lastKnownFileType = file.xib; path = CommentTopCell.xib; sourceTree = "<group>"; };
		044B630A24D85DB300088487 /* CommentCell.swift */ = {isa = PBXFileReference; lastKnownFileType = sourcecode.swift; path = CommentCell.swift; sourceTree = "<group>"; };
		044B630B24D85DB300088487 /* CommentCell.xib */ = {isa = PBXFileReference; lastKnownFileType = file.xib; path = CommentCell.xib; sourceTree = "<group>"; };
		044B630F24DAEFE400088487 /* FunctionCell.swift */ = {isa = PBXFileReference; lastKnownFileType = sourcecode.swift; path = FunctionCell.swift; sourceTree = "<group>"; };
		044B631024DAEFE400088487 /* FunctionCell.xib */ = {isa = PBXFileReference; lastKnownFileType = file.xib; path = FunctionCell.xib; sourceTree = "<group>"; };
		044B631324DAF77600088487 /* DetailViewController.swift */ = {isa = PBXFileReference; lastKnownFileType = sourcecode.swift; path = DetailViewController.swift; sourceTree = "<group>"; };
		044B631424DAF77600088487 /* DetailViewController.xib */ = {isa = PBXFileReference; lastKnownFileType = file.xib; path = DetailViewController.xib; sourceTree = "<group>"; };
		9C0D59CC24DEE159007779CD /* SearchHeader.swift */ = {isa = PBXFileReference; lastKnownFileType = sourcecode.swift; path = SearchHeader.swift; sourceTree = "<group>"; };
		9C0D59CE24DEE1AC007779CD /* BaseTableViewHeader.swift */ = {isa = PBXFileReference; lastKnownFileType = sourcecode.swift; path = BaseTableViewHeader.swift; sourceTree = "<group>"; };
		9C0D59D124DEE8E2007779CD /* SearchSection.swift */ = {isa = PBXFileReference; lastKnownFileType = sourcecode.swift; path = SearchSection.swift; sourceTree = "<group>"; };
		9C1D557524DADC510048BBDF /* NavigationMap.swift */ = {isa = PBXFileReference; lastKnownFileType = sourcecode.swift; path = NavigationMap.swift; sourceTree = "<group>"; };
		9C26539124EA21B9009E5D5E /* DiscountModalViewController.swift */ = {isa = PBXFileReference; lastKnownFileType = sourcecode.swift; path = DiscountModalViewController.swift; sourceTree = "<group>"; };
		9C26539424EA2218009E5D5E /* DiscountEntity.swift */ = {isa = PBXFileReference; lastKnownFileType = sourcecode.swift; path = DiscountEntity.swift; sourceTree = "<group>"; };
		9C26539624EA2431009E5D5E /* DiscountCell.swift */ = {isa = PBXFileReference; lastKnownFileType = sourcecode.swift; path = DiscountCell.swift; sourceTree = "<group>"; };
		9C47BF3D24E6B851005238BE /* ResizableTextView.swift */ = {isa = PBXFileReference; lastKnownFileType = sourcecode.swift; path = ResizableTextView.swift; sourceTree = "<group>"; };
		9C4DB81724D19C2800254C79 /* MyPageViewController.swift */ = {isa = PBXFileReference; fileEncoding = 4; lastKnownFileType = sourcecode.swift; path = MyPageViewController.swift; sourceTree = "<group>"; };
		9C545BDE24BF4C3C00138C78 /* HoneyPot.app */ = {isa = PBXFileReference; explicitFileType = wrapper.application; includeInIndex = 0; path = HoneyPot.app; sourceTree = BUILT_PRODUCTS_DIR; };
		9C545BE124BF4C3C00138C78 /* AppDelegate.swift */ = {isa = PBXFileReference; lastKnownFileType = sourcecode.swift; path = AppDelegate.swift; sourceTree = "<group>"; };
		9C545BE324BF4C3C00138C78 /* SceneDelegate.swift */ = {isa = PBXFileReference; lastKnownFileType = sourcecode.swift; path = SceneDelegate.swift; sourceTree = "<group>"; };
		9C545BEA24BF4C3D00138C78 /* Assets.xcassets */ = {isa = PBXFileReference; lastKnownFileType = folder.assetcatalog; path = Assets.xcassets; sourceTree = "<group>"; };
		9C545BED24BF4C3D00138C78 /* Base */ = {isa = PBXFileReference; lastKnownFileType = file.storyboard; name = Base; path = Base.lproj/LaunchScreen.storyboard; sourceTree = "<group>"; };
		9C545BEF24BF4C3D00138C78 /* Info-Development.plist */ = {isa = PBXFileReference; lastKnownFileType = text.plist.xml; path = "Info-Development.plist"; sourceTree = "<group>"; };
		9C60775D24C1534600E5CBEE /* BaseViewController.swift */ = {isa = PBXFileReference; fileEncoding = 4; lastKnownFileType = sourcecode.swift; path = BaseViewController.swift; sourceTree = "<group>"; };
		9C6475FA24E2B6350067EA5F /* ResizableTableView.swift */ = {isa = PBXFileReference; lastKnownFileType = sourcecode.swift; path = ResizableTableView.swift; sourceTree = "<group>"; };
		9C697D3024ED23C100ABCC7C /* Logger.swift */ = {isa = PBXFileReference; fileEncoding = 4; lastKnownFileType = sourcecode.swift; path = Logger.swift; sourceTree = "<group>"; };
		9C71F61724D42666009DD6D7 /* VerticalButton.swift */ = {isa = PBXFileReference; lastKnownFileType = sourcecode.swift; path = VerticalButton.swift; sourceTree = "<group>"; };
		9C71F61C24D42EFB009DD6D7 /* MenuCell.swift */ = {isa = PBXFileReference; lastKnownFileType = sourcecode.swift; path = MenuCell.swift; sourceTree = "<group>"; };
		9C71F61E24D42FFD009DD6D7 /* BaseTableViewCell.swift */ = {isa = PBXFileReference; fileEncoding = 4; lastKnownFileType = sourcecode.swift; path = BaseTableViewCell.swift; sourceTree = "<group>"; };
		9C7AD84724C011D500AAEBB0 /* ProModule.framework */ = {isa = PBXFileReference; explicitFileType = wrapper.framework; path = ProModule.framework; sourceTree = BUILT_PRODUCTS_DIR; };
		9C7AD86124C035E200AAEBB0 /* ServiceProvider.swift */ = {isa = PBXFileReference; fileEncoding = 4; lastKnownFileType = sourcecode.swift; path = ServiceProvider.swift; sourceTree = "<group>"; };
		9C7AD86224C035E200AAEBB0 /* BaseService.swift */ = {isa = PBXFileReference; fileEncoding = 4; lastKnownFileType = sourcecode.swift; path = BaseService.swift; sourceTree = "<group>"; };
		9C7AD86524C0360800AAEBB0 /* NetworkService.swift */ = {isa = PBXFileReference; lastKnownFileType = sourcecode.swift; path = NetworkService.swift; sourceTree = "<group>"; };
		9C7AD86824C036FD00AAEBB0 /* HoneyPotAPI.swift */ = {isa = PBXFileReference; fileEncoding = 4; lastKnownFileType = sourcecode.swift; path = HoneyPotAPI.swift; sourceTree = "<group>"; };
		9C7B534924DE8E7A005C3CA8 /* SearchReactor.swift */ = {isa = PBXFileReference; lastKnownFileType = sourcecode.swift; path = SearchReactor.swift; sourceTree = "<group>"; };
		9C7B534F24DEA538005C3CA8 /* SearchWordService.swift */ = {isa = PBXFileReference; lastKnownFileType = sourcecode.swift; path = SearchWordService.swift; sourceTree = "<group>"; };
		9C7B535124DEB116005C3CA8 /* SearchCell.swift */ = {isa = PBXFileReference; fileEncoding = 4; lastKnownFileType = sourcecode.swift; path = SearchCell.swift; sourceTree = "<group>"; };
		9C7CDB5724E555F000801F84 /* MyPageReactor.swift */ = {isa = PBXFileReference; lastKnownFileType = sourcecode.swift; path = MyPageReactor.swift; sourceTree = "<group>"; };
		9C7CDB5924E5574F00801F84 /* Menu.swift */ = {isa = PBXFileReference; lastKnownFileType = sourcecode.swift; path = Menu.swift; sourceTree = "<group>"; };
		9C7CDB5E24E56C4100801F84 /* ItemViewController.swift */ = {isa = PBXFileReference; fileEncoding = 4; lastKnownFileType = sourcecode.swift; path = ItemViewController.swift; sourceTree = "<group>"; };
		9C7CDB6024E56CBF00801F84 /* ItemReactor.swift */ = {isa = PBXFileReference; lastKnownFileType = sourcecode.swift; path = ItemReactor.swift; sourceTree = "<group>"; };
		9C835DDA24DFF4DC000901FF /* ListViewController.swift */ = {isa = PBXFileReference; lastKnownFileType = sourcecode.swift; path = ListViewController.swift; sourceTree = "<group>"; };
		9C835DDC24DFFB9C000901FF /* ItemCell.swift */ = {isa = PBXFileReference; lastKnownFileType = sourcecode.swift; path = ItemCell.swift; sourceTree = "<group>"; };
		9C87E60224EAB20E00686274 /* ItemCommentCell.swift */ = {isa = PBXFileReference; fileEncoding = 4; lastKnownFileType = sourcecode.swift; path = ItemCommentCell.swift; sourceTree = "<group>"; };
		9C87E60324EAB20E00686274 /* ItemSubCommentCell.swift */ = {isa = PBXFileReference; fileEncoding = 4; lastKnownFileType = sourcecode.swift; path = ItemSubCommentCell.swift; sourceTree = "<group>"; };
		9C90414D24EA93E1000E21A3 /* HoneyPot.app */ = {isa = PBXFileReference; explicitFileType = wrapper.application; includeInIndex = 0; path = HoneyPot.app; sourceTree = BUILT_PRODUCTS_DIR; };
		9C90414E24EA93E2000E21A3 /* Info-Release.plist */ = {isa = PBXFileReference; lastKnownFileType = text.plist.xml; name = "Info-Release.plist"; path = "/Users/Soso/dev/HoneyPot/HoneyPot/Info-Release.plist"; sourceTree = "<absolute>"; };
		9CA2CBC524E8C90500AE5322 /* SortModalViewController.swift */ = {isa = PBXFileReference; lastKnownFileType = sourcecode.swift; path = SortModalViewController.swift; sourceTree = "<group>"; };
		9CA2CBC724E905DD00AE5322 /* BottomSheetItemCell.swift */ = {isa = PBXFileReference; lastKnownFileType = sourcecode.swift; path = BottomSheetItemCell.swift; sourceTree = "<group>"; };
		9CD03D1B24ECC27A0049EB93 /* CommentViewController.swift */ = {isa = PBXFileReference; lastKnownFileType = sourcecode.swift; path = CommentViewController.swift; sourceTree = "<group>"; };
		9CD03D1D24ECC2930049EB93 /* CommentReactor.swift */ = {isa = PBXFileReference; lastKnownFileType = sourcecode.swift; path = CommentReactor.swift; sourceTree = "<group>"; };
		9CD7A2FA24E16F550079C21F /* ListReactor.swift */ = {isa = PBXFileReference; lastKnownFileType = sourcecode.swift; path = ListReactor.swift; sourceTree = "<group>"; };
		9CE4CDB424D65B6F00A8A25E /* SearchViewController.swift */ = {isa = PBXFileReference; lastKnownFileType = sourcecode.swift; path = SearchViewController.swift; sourceTree = "<group>"; };
		9CE4CDB824D6623600A8A25E /* UserDefaultsService.swift */ = {isa = PBXFileReference; lastKnownFileType = sourcecode.swift; path = UserDefaultsService.swift; sourceTree = "<group>"; };
		9CE4CDBB24D6629800A8A25E /* UserDefaultsKey.swift */ = {isa = PBXFileReference; lastKnownFileType = sourcecode.swift; path = UserDefaultsKey.swift; sourceTree = "<group>"; };
		9CE4CDBD24D6638900A8A25E /* AccountService.swift */ = {isa = PBXFileReference; fileEncoding = 4; lastKnownFileType = sourcecode.swift; path = AccountService.swift; sourceTree = "<group>"; };
		9CE4CDC024D6A77700A8A25E /* SettingViewController.swift */ = {isa = PBXFileReference; lastKnownFileType = sourcecode.swift; path = SettingViewController.swift; sourceTree = "<group>"; };
		9CE4CDC224D6A7AD00A8A25E /* SettingReactor.swift */ = {isa = PBXFileReference; lastKnownFileType = sourcecode.swift; path = SettingReactor.swift; sourceTree = "<group>"; };
		9CF363AD24D0530A0008380C /* NavigationBar.swift */ = {isa = PBXFileReference; fileEncoding = 4; lastKnownFileType = sourcecode.swift; path = NavigationBar.swift; sourceTree = "<group>"; };
		B6AB8EDB24DE6BC100EE3CB1 /* SortCell.swift */ = {isa = PBXFileReference; lastKnownFileType = sourcecode.swift; path = SortCell.swift; sourceTree = "<group>"; };
		B6AB8EDC24DE6BC100EE3CB1 /* SortCell.xib */ = {isa = PBXFileReference; lastKnownFileType = file.xib; path = SortCell.xib; sourceTree = "<group>"; };
		B6D6EC5224DB3B8500E27C06 /* MainViewController.swift */ = {isa = PBXFileReference; lastKnownFileType = sourcecode.swift; path = MainViewController.swift; sourceTree = "<group>"; };
		B6D6EC5724DB3C9200E27C06 /* CustomMenuBar.swift */ = {isa = PBXFileReference; lastKnownFileType = sourcecode.swift; path = CustomMenuBar.swift; sourceTree = "<group>"; };
		B6D6EC5B24DB3FBE00E27C06 /* CustomCell.swift */ = {isa = PBXFileReference; lastKnownFileType = sourcecode.swift; path = CustomCell.swift; sourceTree = "<group>"; };
		B6D6EC5C24DB3FBE00E27C06 /* CustomCell.xib */ = {isa = PBXFileReference; lastKnownFileType = file.xib; path = CustomCell.xib; sourceTree = "<group>"; };
		B6D6EC5F24DB40EF00E27C06 /* PageCell.swift */ = {isa = PBXFileReference; lastKnownFileType = sourcecode.swift; path = PageCell.swift; sourceTree = "<group>"; };
		B6D6EC6024DB40EF00E27C06 /* PageCell.xib */ = {isa = PBXFileReference; lastKnownFileType = file.xib; path = PageCell.xib; sourceTree = "<group>"; };
		B6D6EC6424DB41E000E27C06 /* NSObject + reusableIdentifier.swift */ = {isa = PBXFileReference; lastKnownFileType = sourcecode.swift; path = "NSObject + reusableIdentifier.swift"; sourceTree = "<group>"; };
		B6D6EC6924DBF8CE00E27C06 /* ProductCell.swift */ = {isa = PBXFileReference; lastKnownFileType = sourcecode.swift; name = ProductCell.swift; path = HoneyPot/Scene/Main/Cells/ProductCell.swift; sourceTree = SOURCE_ROOT; };
		B6D6EC6A24DBF8CE00E27C06 /* ProductCell.xib */ = {isa = PBXFileReference; lastKnownFileType = file.xib; name = ProductCell.xib; path = HoneyPot/Scene/Main/Cells/ProductCell.xib; sourceTree = SOURCE_ROOT; };
/* End PBXFileReference section */

/* Begin PBXFrameworksBuildPhase section */
		9C545BDB24BF4C3C00138C78 /* Frameworks */ = {
			isa = PBXFrameworksBuildPhase;
			buildActionMask = 2147483647;
			files = (
				9C7AD84824C011D500AAEBB0 /* ProModule.framework in Frameworks */,
			);
			runOnlyForDeploymentPostprocessing = 0;
		};
		9C90413424EA93E1000E21A3 /* Frameworks */ = {
			isa = PBXFrameworksBuildPhase;
			buildActionMask = 2147483647;
			files = (
				9C90413524EA93E1000E21A3 /* ProModule.framework in Frameworks */,
			);
			runOnlyForDeploymentPostprocessing = 0;
		};
/* End PBXFrameworksBuildPhase section */

/* Begin PBXGroup section */
		043C4F9324E970F70026870C /* VC */ = {
			isa = PBXGroup;
			children = (
				044B631324DAF77600088487 /* DetailViewController.swift */,
				044B631424DAF77600088487 /* DetailViewController.xib */,
			);
			path = VC;
			sourceTree = "<group>";
		};
		044B62DF24D8425E00088487 /* DetailView */ = {
			isa = PBXGroup;
			children = (
				043C4F9324E970F70026870C /* VC */,
				044B62E424D8447200088487 /* CustomCell */,
			);
			path = DetailView;
			sourceTree = "<group>";
		};
		044B62E424D8447200088487 /* CustomCell */ = {
			isa = PBXGroup;
			children = (
				044B630E24DAEFC100088487 /* Section6 - FunctionCell */,
				044B630724D85D7100088487 /* Section5 - CommentCell */,
				044B630224D858A700088487 /* Section4 - CommentTopCell */,
				044B62FD24D8580B00088487 /* Section3 - ProductDetailImageCell */,
				044B62F424D84E5800088487 /* Section2 - ProgressStatusAndPromoterCell */,
				044B62EA24D8461900088487 /* Section1 - ProductRelatedCell */,
				044B62E924D845FD00088487 /* Section0 - ProductImageCell */,
			);
			path = CustomCell;
			sourceTree = "<group>";
		};
		044B62E924D845FD00088487 /* Section0 - ProductImageCell */ = {
			isa = PBXGroup;
			children = (
				044B62E524D8449300088487 /* ProductImageCell.swift */,
				044B62E624D8449300088487 /* ProductImageCell.xib */,
			);
			path = "Section0 - ProductImageCell";
			sourceTree = "<group>";
		};
		044B62EA24D8461900088487 /* Section1 - ProductRelatedCell */ = {
			isa = PBXGroup;
			children = (
				044B62EB24D846D600088487 /* ProductRelatedCell.swift */,
				044B62EC24D846D600088487 /* ProductRelatedCell.xib */,
			);
			path = "Section1 - ProductRelatedCell";
			sourceTree = "<group>";
		};
		044B62EF24D8491600088487 /* Font */ = {
			isa = PBXGroup;
			children = (
				044B62F124D8494F00088487 /* GodoB.otf */,
				044B62F024D8494F00088487 /* GodoM.otf */,
			);
			path = Font;
			sourceTree = "<group>";
		};
		044B62F424D84E5800088487 /* Section2 - ProgressStatusAndPromoterCell */ = {
			isa = PBXGroup;
			children = (
				044B62F924D84F6E00088487 /* ProgressStatusAndPromoterCell.swift */,
				044B62FA24D84F6E00088487 /* ProgressStatusAndPromoterCell.xib */,
			);
			path = "Section2 - ProgressStatusAndPromoterCell";
			sourceTree = "<group>";
		};
		044B62FD24D8580B00088487 /* Section3 - ProductDetailImageCell */ = {
			isa = PBXGroup;
			children = (
				044B62FE24D8584100088487 /* ProductDetailImageCell.swift */,
				044B62FF24D8584100088487 /* ProductDetailImageCell.xib */,
			);
			path = "Section3 - ProductDetailImageCell";
			sourceTree = "<group>";
		};
		044B630224D858A700088487 /* Section4 - CommentTopCell */ = {
			isa = PBXGroup;
			children = (
				044B630324D8592300088487 /* CommentTopCell.swift */,
				044B630424D8592300088487 /* CommentTopCell.xib */,
			);
			path = "Section4 - CommentTopCell";
			sourceTree = "<group>";
		};
		044B630724D85D7100088487 /* Section5 - CommentCell */ = {
			isa = PBXGroup;
			children = (
				044B630A24D85DB300088487 /* CommentCell.swift */,
				044B630B24D85DB300088487 /* CommentCell.xib */,
			);
			path = "Section5 - CommentCell";
			sourceTree = "<group>";
		};
		044B630E24DAEFC100088487 /* Section6 - FunctionCell */ = {
			isa = PBXGroup;
			children = (
				044B630F24DAEFE400088487 /* FunctionCell.swift */,
				044B631024DAEFE400088487 /* FunctionCell.xib */,
			);
			path = "Section6 - FunctionCell";
			sourceTree = "<group>";
		};
		9C26539324EA21FF009E5D5E /* Model */ = {
			isa = PBXGroup;
			children = (
				9C26539424EA2218009E5D5E /* DiscountEntity.swift */,
			);
			path = Model;
			sourceTree = "<group>";
		};
		9C545BD524BF4C3C00138C78 = {
			isa = PBXGroup;
			children = (
				9C545BE024BF4C3C00138C78 /* HoneyPot */,
				9C545BDF24BF4C3C00138C78 /* Products */,
				9C7AD84624C011D500AAEBB0 /* Frameworks */,
			);
			sourceTree = "<group>";
		};
		9C545BDF24BF4C3C00138C78 /* Products */ = {
			isa = PBXGroup;
			children = (
				9C545BDE24BF4C3C00138C78 /* HoneyPot.app */,
				9C90414D24EA93E1000E21A3 /* HoneyPot.app */,
			);
			name = Products;
			sourceTree = "<group>";
		};
		9C545BE024BF4C3C00138C78 /* HoneyPot */ = {
			isa = PBXGroup;
			children = (
				B6D6EC6324DB41CF00E27C06 /* Extensions */,
				9C7AD84124C00F1F00AAEBB0 /* App */,
				9CE4CDBA24D6628400A8A25E /* Types */,
				9C7AD86724C036FD00AAEBB0 /* API */,
				9C7AD84C24C0177B00AAEBB0 /* Service */,
				9C26539324EA21FF009E5D5E /* Model */,
				9C7AD84224C00F3600AAEBB0 /* Scene */,
				9C60775C24C1533000E5CBEE /* Base */,
				9CF363AA24D052D50008380C /* View */,
				044B62EF24D8491600088487 /* Font */,
				9C545BEA24BF4C3D00138C78 /* Assets.xcassets */,
				9C545BEC24BF4C3D00138C78 /* LaunchScreen.storyboard */,
				9C545BEF24BF4C3D00138C78 /* Info-Development.plist */,
				9C90414E24EA93E2000E21A3 /* Info-Release.plist */,
			);
			path = HoneyPot;
			sourceTree = "<group>";
		};
		9C60775C24C1533000E5CBEE /* Base */ = {
			isa = PBXGroup;
			children = (
				9C60775D24C1534600E5CBEE /* BaseViewController.swift */,
				9C71F61E24D42FFD009DD6D7 /* BaseTableViewCell.swift */,
				9C0D59CE24DEE1AC007779CD /* BaseTableViewHeader.swift */,
			);
			path = Base;
			sourceTree = "<group>";
		};
		9C7AD84124C00F1F00AAEBB0 /* App */ = {
			isa = PBXGroup;
			children = (
				9C545BE124BF4C3C00138C78 /* AppDelegate.swift */,
				9C545BE324BF4C3C00138C78 /* SceneDelegate.swift */,
			);
			path = App;
			sourceTree = "<group>";
		};
		9C7AD84224C00F3600AAEBB0 /* Scene */ = {
			isa = PBXGroup;
			children = (
				044B62DF24D8425E00088487 /* DetailView */,
				B6D6EC5024DB3B5900E27C06 /* Main */,
				9CE4CDB224D6592E00A8A25E /* MyPage */,
				9CE4CDBF24D6A76900A8A25E /* Setting */,
				9CE4CDB324D65B2600A8A25E /* Search */,
				9C835DD924DFF4CB000901FF /* List */,
				9C7CDB5B24E56AF700801F84 /* Item */,
				9CD03D1A24ECC2590049EB93 /* Comment */,
				9CA2CBC424E8C8DD00AE5322 /* Modal */,
			);
			path = Scene;
			sourceTree = "<group>";
		};
		9C7AD84624C011D500AAEBB0 /* Frameworks */ = {
			isa = PBXGroup;
			children = (
				9C7AD84724C011D500AAEBB0 /* ProModule.framework */,
			);
			name = Frameworks;
			sourceTree = "<group>";
		};
		9C7AD84C24C0177B00AAEBB0 /* Service */ = {
			isa = PBXGroup;
			children = (
				9C7AD86224C035E200AAEBB0 /* BaseService.swift */,
				9C7AD86124C035E200AAEBB0 /* ServiceProvider.swift */,
				9C7AD86524C0360800AAEBB0 /* NetworkService.swift */,
				9CE4CDB824D6623600A8A25E /* UserDefaultsService.swift */,
				9CE4CDBD24D6638900A8A25E /* AccountService.swift */,
				9C7B534F24DEA538005C3CA8 /* SearchWordService.swift */,
				9C1D557524DADC510048BBDF /* NavigationMap.swift */,
				9C697D3024ED23C100ABCC7C /* Logger.swift */,
			);
			path = Service;
			sourceTree = "<group>";
		};
		9C7AD86724C036FD00AAEBB0 /* API */ = {
			isa = PBXGroup;
			children = (
				9C7AD86824C036FD00AAEBB0 /* HoneyPotAPI.swift */,
			);
			path = API;
			sourceTree = "<group>";
		};
		9C7CDB5B24E56AF700801F84 /* Item */ = {
			isa = PBXGroup;
			children = (
				9C7CDB5E24E56C4100801F84 /* ItemViewController.swift */,
				9C7CDB6024E56CBF00801F84 /* ItemReactor.swift */,
				9C87E60224EAB20E00686274 /* ItemCommentCell.swift */,
				9C87E60324EAB20E00686274 /* ItemSubCommentCell.swift */,
			);
			path = Item;
			sourceTree = "<group>";
		};
		9C835DD924DFF4CB000901FF /* List */ = {
			isa = PBXGroup;
			children = (
				9C835DDA24DFF4DC000901FF /* ListViewController.swift */,
				9CD7A2FA24E16F550079C21F /* ListReactor.swift */,
				9C835DDC24DFFB9C000901FF /* ItemCell.swift */,
			);
			path = List;
			sourceTree = "<group>";
		};
		9CA2CBC424E8C8DD00AE5322 /* Modal */ = {
			isa = PBXGroup;
			children = (
				9CA2CBC524E8C90500AE5322 /* SortModalViewController.swift */,
				9CA2CBC724E905DD00AE5322 /* BottomSheetItemCell.swift */,
				9C26539124EA21B9009E5D5E /* DiscountModalViewController.swift */,
				9C26539624EA2431009E5D5E /* DiscountCell.swift */,
			);
			path = Modal;
			sourceTree = "<group>";
		};
		9CD03D1A24ECC2590049EB93 /* Comment */ = {
			isa = PBXGroup;
			children = (
				9CD03D1B24ECC27A0049EB93 /* CommentViewController.swift */,
				9CD03D1D24ECC2930049EB93 /* CommentReactor.swift */,
			);
			path = Comment;
			sourceTree = "<group>";
		};
		9CE4CDB224D6592E00A8A25E /* MyPage */ = {
			isa = PBXGroup;
			children = (
				9C4DB81724D19C2800254C79 /* MyPageViewController.swift */,
				9C7CDB5724E555F000801F84 /* MyPageReactor.swift */,
				9C71F61C24D42EFB009DD6D7 /* MenuCell.swift */,
				9C7CDB5924E5574F00801F84 /* Menu.swift */,
			);
			path = MyPage;
			sourceTree = "<group>";
		};
		9CE4CDB324D65B2600A8A25E /* Search */ = {
			isa = PBXGroup;
			children = (
				9CE4CDB424D65B6F00A8A25E /* SearchViewController.swift */,
				9C7B534924DE8E7A005C3CA8 /* SearchReactor.swift */,
				9C7B535124DEB116005C3CA8 /* SearchCell.swift */,
				9C0D59CC24DEE159007779CD /* SearchHeader.swift */,
				9C0D59D124DEE8E2007779CD /* SearchSection.swift */,
			);
			path = Search;
			sourceTree = "<group>";
		};
		9CE4CDBA24D6628400A8A25E /* Types */ = {
			isa = PBXGroup;
			children = (
				9CE4CDBB24D6629800A8A25E /* UserDefaultsKey.swift */,
			);
			path = Types;
			sourceTree = "<group>";
		};
		9CE4CDBF24D6A76900A8A25E /* Setting */ = {
			isa = PBXGroup;
			children = (
				9CE4CDC024D6A77700A8A25E /* SettingViewController.swift */,
				9CE4CDC224D6A7AD00A8A25E /* SettingReactor.swift */,
			);
			path = Setting;
			sourceTree = "<group>";
		};
		9CF363AA24D052D50008380C /* View */ = {
			isa = PBXGroup;
			children = (
				9CF363AD24D0530A0008380C /* NavigationBar.swift */,
				9C71F61724D42666009DD6D7 /* VerticalButton.swift */,
				9C6475FA24E2B6350067EA5F /* ResizableTableView.swift */,
				9C47BF3D24E6B851005238BE /* ResizableTextView.swift */,
			);
			path = View;
			sourceTree = "<group>";
		};
		B6D6EC5024DB3B5900E27C06 /* Main */ = {
			isa = PBXGroup;
			children = (
				B6D6EC6624DBEB9B00E27C06 /* VC */,
				B6D6EC5124DB3B6300E27C06 /* Cells */,
				B6D6EC5424DB3C4100E27C06 /* View */,
			);
			path = Main;
			sourceTree = "<group>";
		};
		B6D6EC5124DB3B6300E27C06 /* Cells */ = {
			isa = PBXGroup;
			children = (
				B6D6EC5B24DB3FBE00E27C06 /* CustomCell.swift */,
				B6D6EC5C24DB3FBE00E27C06 /* CustomCell.xib */,
				B6D6EC5F24DB40EF00E27C06 /* PageCell.swift */,
				B6D6EC6024DB40EF00E27C06 /* PageCell.xib */,
				B6D6EC6924DBF8CE00E27C06 /* ProductCell.swift */,
				B6D6EC6A24DBF8CE00E27C06 /* ProductCell.xib */,
				B6AB8EDB24DE6BC100EE3CB1 /* SortCell.swift */,
				B6AB8EDC24DE6BC100EE3CB1 /* SortCell.xib */,
			);
			path = Cells;
			sourceTree = "<group>";
		};
		B6D6EC5424DB3C4100E27C06 /* View */ = {
			isa = PBXGroup;
			children = (
				B6D6EC5724DB3C9200E27C06 /* CustomMenuBar.swift */,
			);
			path = View;
			sourceTree = "<group>";
		};
		B6D6EC6324DB41CF00E27C06 /* Extensions */ = {
			isa = PBXGroup;
			children = (
				B6D6EC6424DB41E000E27C06 /* NSObject + reusableIdentifier.swift */,
			);
			path = Extensions;
			sourceTree = "<group>";
		};
		B6D6EC6624DBEB9B00E27C06 /* VC */ = {
			isa = PBXGroup;
			children = (
				B6D6EC5224DB3B8500E27C06 /* MainViewController.swift */,
			);
			path = VC;
			sourceTree = "<group>";
		};
/* End PBXGroup section */

/* Begin PBXNativeTarget section */
		9C545BDD24BF4C3C00138C78 /* Development */ = {
			isa = PBXNativeTarget;
			buildConfigurationList = 9C545BF224BF4C3D00138C78 /* Build configuration list for PBXNativeTarget "Development" */;
			buildPhases = (
				9C545BDA24BF4C3C00138C78 /* Sources */,
				9C545BDB24BF4C3C00138C78 /* Frameworks */,
				9C545BDC24BF4C3C00138C78 /* Resources */,
				9C7AD84A24C011D500AAEBB0 /* Embed Frameworks */,
			);
			buildRules = (
			);
			dependencies = (
			);
			name = Development;
			packageProductDependencies = (
			);
			productName = Depromeet8th4;
			productReference = 9C545BDE24BF4C3C00138C78 /* HoneyPot.app */;
			productType = "com.apple.product-type.application";
		};
		9C9040FC24EA93E1000E21A3 /* Release */ = {
			isa = PBXNativeTarget;
			buildConfigurationList = 9C90414A24EA93E1000E21A3 /* Build configuration list for PBXNativeTarget "Release" */;
			buildPhases = (
				9C9040FD24EA93E1000E21A3 /* Sources */,
				9C90413424EA93E1000E21A3 /* Frameworks */,
				9C90413624EA93E1000E21A3 /* Resources */,
				9C90414724EA93E1000E21A3 /* Embed Frameworks */,
			);
			buildRules = (
			);
			dependencies = (
			);
			name = Release;
			packageProductDependencies = (
			);
			productName = Depromeet8th4;
			productReference = 9C90414D24EA93E1000E21A3 /* HoneyPot.app */;
			productType = "com.apple.product-type.application";
		};
/* End PBXNativeTarget section */

/* Begin PBXProject section */
		9C545BD624BF4C3C00138C78 /* Project object */ = {
			isa = PBXProject;
			attributes = {
				LastSwiftUpdateCheck = 1150;
				LastUpgradeCheck = 1150;
				ORGANIZATIONNAME = Depromeet;
				TargetAttributes = {
					9C545BDD24BF4C3C00138C78 = {
						CreatedOnToolsVersion = 11.5;
					};
				};
			};
			buildConfigurationList = 9C545BD924BF4C3C00138C78 /* Build configuration list for PBXProject "HoneyPot" */;
			compatibilityVersion = "Xcode 9.3";
			developmentRegion = en;
			hasScannedForEncodings = 0;
			knownRegions = (
				en,
				Base,
			);
			mainGroup = 9C545BD524BF4C3C00138C78;
			packageReferences = (
			);
			productRefGroup = 9C545BDF24BF4C3C00138C78 /* Products */;
			projectDirPath = "";
			projectRoot = "";
			targets = (
				9C545BDD24BF4C3C00138C78 /* Development */,
				9C9040FC24EA93E1000E21A3 /* Release */,
			);
		};
/* End PBXProject section */

/* Begin PBXResourcesBuildPhase section */
		9C545BDC24BF4C3C00138C78 /* Resources */ = {
			isa = PBXResourcesBuildPhase;
			buildActionMask = 2147483647;
			files = (
				9CC407E924E7676A009FC68F /* Assets.xcassets in Resources */,
				9CC407E824E7672B009FC68F /* LaunchScreen.storyboard in Resources */,
				044B62EE24D846D600088487 /* ProductRelatedCell.xib in Resources */,
				9CD0A28624E6D66400CCCBB0 /* GodoB.otf in Resources */,
				044B62FC24D84F6E00088487 /* ProgressStatusAndPromoterCell.xib in Resources */,
				044B62E824D8449300088487 /* ProductImageCell.xib in Resources */,
				044B630124D8584100088487 /* ProductDetailImageCell.xib in Resources */,
				044B631624DAF77600088487 /* DetailViewController.xib in Resources */,
				044B62F224D8494F00088487 /* GodoM.otf in Resources */,
				044B630D24D85DB300088487 /* CommentCell.xib in Resources */,
				044B630624D8592300088487 /* CommentTopCell.xib in Resources */,
				044B631224DAEFE400088487 /* FunctionCell.xib in Resources */,
				B6D6EC5E24DB3FBE00E27C06 /* CustomCell.xib in Resources */,
				B6D6EC6C24DBF8CE00E27C06 /* ProductCell.xib in Resources */,
				B6D6EC6224DB40EF00E27C06 /* PageCell.xib in Resources */,
				B6AB8EDE24DE6BC100EE3CB1 /* SortCell.xib in Resources */,
			);
			runOnlyForDeploymentPostprocessing = 0;
		};
		9C90413624EA93E1000E21A3 /* Resources */ = {
			isa = PBXResourcesBuildPhase;
			buildActionMask = 2147483647;
			files = (
				9C90413724EA93E1000E21A3 /* Assets.xcassets in Resources */,
				9C90413824EA93E1000E21A3 /* LaunchScreen.storyboard in Resources */,
				9C90413924EA93E1000E21A3 /* ProductRelatedCell.xib in Resources */,
				9C90413A24EA93E1000E21A3 /* GodoB.otf in Resources */,
				9C90413B24EA93E1000E21A3 /* ProgressStatusAndPromoterCell.xib in Resources */,
				9C90413C24EA93E1000E21A3 /* ProductImageCell.xib in Resources */,
				9C90413D24EA93E1000E21A3 /* ProductDetailImageCell.xib in Resources */,
				9C90413E24EA93E1000E21A3 /* DetailViewController.xib in Resources */,
				9C90413F24EA93E1000E21A3 /* GodoM.otf in Resources */,
				9C90414024EA93E1000E21A3 /* CommentCell.xib in Resources */,
				9C90414124EA93E1000E21A3 /* CommentTopCell.xib in Resources */,
				9C90414224EA93E1000E21A3 /* FunctionCell.xib in Resources */,
				9C90414324EA93E1000E21A3 /* CustomCell.xib in Resources */,
				9C90414424EA93E1000E21A3 /* ProductCell.xib in Resources */,
				9C90414524EA93E1000E21A3 /* PageCell.xib in Resources */,
				9C90414624EA93E1000E21A3 /* SortCell.xib in Resources */,
			);
			runOnlyForDeploymentPostprocessing = 0;
		};
/* End PBXResourcesBuildPhase section */

/* Begin PBXSourcesBuildPhase section */
		9C545BDA24BF4C3C00138C78 /* Sources */ = {
			isa = PBXSourcesBuildPhase;
			buildActionMask = 2147483647;
			files = (
				9CC407EB24E767AE009FC68F /* SceneDelegate.swift in Sources */,
				9CD03D1E24ECC2930049EB93 /* CommentReactor.swift in Sources */,
				9CC407EA24E7678A009FC68F /* AppDelegate.swift in Sources */,
				9CC407E724E76713009FC68F /* VerticalButton.swift in Sources */,
				9CA2CBC624E8C90500AE5322 /* SortModalViewController.swift in Sources */,
				9C87E60424EAB20E00686274 /* ItemCommentCell.swift in Sources */,
				9CC407E624E76709009FC68F /* NavigationBar.swift in Sources */,
				9CC407E524E76704009FC68F /* BaseViewController.swift in Sources */,
				9CC407E424E766EF009FC68F /* BaseService.swift in Sources */,
				9C7CDB6124E56CBF00801F84 /* ItemReactor.swift in Sources */,
				9CE4CDBC24D6629800A8A25E /* UserDefaultsKey.swift in Sources */,
				B6D6EC5324DB3B8500E27C06 /* MainViewController.swift in Sources */,
				B6D6EC5D24DB3FBE00E27C06 /* CustomCell.swift in Sources */,
				B6D6EC5824DB3C9200E27C06 /* CustomMenuBar.swift in Sources */,
				9C7AD86324C035E200AAEBB0 /* ServiceProvider.swift in Sources */,
				044B62E724D8449300088487 /* ProductImageCell.swift in Sources */,
				9CE4CDC324D6A7AD00A8A25E /* SettingReactor.swift in Sources */,
				9C835DDD24DFFB9C000901FF /* ItemCell.swift in Sources */,
				9C26539724EA2431009E5D5E /* DiscountCell.swift in Sources */,
				9C71F61D24D42EFB009DD6D7 /* MenuCell.swift in Sources */,
				9CA2CBC824E905DD00AE5322 /* BottomSheetItemCell.swift in Sources */,
				044B630024D8584100088487 /* ProductDetailImageCell.swift in Sources */,
				044B631524DAF77600088487 /* DetailViewController.swift in Sources */,
				044B62ED24D846D600088487 /* ProductRelatedCell.swift in Sources */,
				044B62FB24D84F6E00088487 /* ProgressStatusAndPromoterCell.swift in Sources */,
				9C835DDB24DFF4DC000901FF /* ListViewController.swift in Sources */,
				9C7CDB5A24E5574F00801F84 /* Menu.swift in Sources */,
				B6D6EC6124DB40EF00E27C06 /* PageCell.swift in Sources */,
				9CE4CDC124D6A77700A8A25E /* SettingViewController.swift in Sources */,
				9C7B535024DEA538005C3CA8 /* SearchWordService.swift in Sources */,
				9C7CDB5F24E56C4100801F84 /* ItemViewController.swift in Sources */,
				9C0D59CF24DEE1AC007779CD /* BaseTableViewHeader.swift in Sources */,
				9C87E60624EAB20E00686274 /* ItemSubCommentCell.swift in Sources */,
				9C0D59D224DEE8E2007779CD /* SearchSection.swift in Sources */,
				9C4DB81824D19C2800254C79 /* MyPageViewController.swift in Sources */,
				9C7CDB5824E555F000801F84 /* MyPageReactor.swift in Sources */,
				9C47BF3E24E6B851005238BE /* ResizableTextView.swift in Sources */,
				B6D6EC6524DB41E000E27C06 /* NSObject + reusableIdentifier.swift in Sources */,
				B6AB8EDD24DE6BC100EE3CB1 /* SortCell.swift in Sources */,
				9C7AD86924C036FD00AAEBB0 /* HoneyPotAPI.swift in Sources */,
				044B631124DAEFE400088487 /* FunctionCell.swift in Sources */,
				044B630C24D85DB300088487 /* CommentCell.swift in Sources */,
				9C6475FB24E2B6360067EA5F /* ResizableTableView.swift in Sources */,
				9C26539224EA21B9009E5D5E /* DiscountModalViewController.swift in Sources */,
				9CE4CDB524D65B6F00A8A25E /* SearchViewController.swift in Sources */,
				9CE4CDB924D6623600A8A25E /* UserDefaultsService.swift in Sources */,
				9CE4CDBE24D6638900A8A25E /* AccountService.swift in Sources */,
				B6D6EC6B24DBF8CE00E27C06 /* ProductCell.swift in Sources */,
				9C1D557624DADC510048BBDF /* NavigationMap.swift in Sources */,
				9C26539524EA2218009E5D5E /* DiscountEntity.swift in Sources */,
				9C71F61F24D42FFD009DD6D7 /* BaseTableViewCell.swift in Sources */,
				9C0D59CD24DEE159007779CD /* SearchHeader.swift in Sources */,
				9CD7A2FB24E16F550079C21F /* ListReactor.swift in Sources */,
				9C7B534A24DE8E7A005C3CA8 /* SearchReactor.swift in Sources */,
				9C697D3124ED23C100ABCC7C /* Logger.swift in Sources */,
				9C7AD86624C0360800AAEBB0 /* NetworkService.swift in Sources */,
				044B630524D8592300088487 /* CommentTopCell.swift in Sources */,
				9C7B535224DEB116005C3CA8 /* SearchCell.swift in Sources */,
				9CD03D1C24ECC27A0049EB93 /* CommentViewController.swift in Sources */,
			);
			runOnlyForDeploymentPostprocessing = 0;
		};
		9C9040FD24EA93E1000E21A3 /* Sources */ = {
			isa = PBXSourcesBuildPhase;
			buildActionMask = 2147483647;
			files = (
				9C9040FE24EA93E1000E21A3 /* SceneDelegate.swift in Sources */,
				9C9040FF24EA93E1000E21A3 /* AppDelegate.swift in Sources */,
				9C90410024EA93E1000E21A3 /* VerticalButton.swift in Sources */,
				9C90410124EA93E1000E21A3 /* SortModalViewController.swift in Sources */,
				9C87E60524EAB20E00686274 /* ItemCommentCell.swift in Sources */,
				9C90410224EA93E1000E21A3 /* NavigationBar.swift in Sources */,
				9C90410324EA93E1000E21A3 /* BaseViewController.swift in Sources */,
				9CD03D1F24ECC6A60049EB93 /* CommentReactor.swift in Sources */,
				9C90410424EA93E1000E21A3 /* BaseService.swift in Sources */,
				9C90410524EA93E1000E21A3 /* ItemReactor.swift in Sources */,
				9C90410624EA93E1000E21A3 /* UserDefaultsKey.swift in Sources */,
				9C90410724EA93E1000E21A3 /* MainViewController.swift in Sources */,
				9C90410824EA93E1000E21A3 /* CustomCell.swift in Sources */,
				9C90410924EA93E1000E21A3 /* CustomMenuBar.swift in Sources */,
				9C90410A24EA93E1000E21A3 /* ServiceProvider.swift in Sources */,
				9C90410B24EA93E1000E21A3 /* ProductImageCell.swift in Sources */,
				9C90410C24EA93E1000E21A3 /* SettingReactor.swift in Sources */,
				9C90410D24EA93E1000E21A3 /* ItemCell.swift in Sources */,
				9C90410E24EA93E1000E21A3 /* DiscountCell.swift in Sources */,
				9C90410F24EA93E1000E21A3 /* MenuCell.swift in Sources */,
				9C90411024EA93E1000E21A3 /* BottomSheetItemCell.swift in Sources */,
				9C90411124EA93E1000E21A3 /* ProductDetailImageCell.swift in Sources */,
				9C90411224EA93E1000E21A3 /* DetailViewController.swift in Sources */,
				9C90411324EA93E1000E21A3 /* ProductRelatedCell.swift in Sources */,
				9C90411424EA93E1000E21A3 /* ProgressStatusAndPromoterCell.swift in Sources */,
				9C90411524EA93E1000E21A3 /* ListViewController.swift in Sources */,
				9C90411624EA93E1000E21A3 /* Menu.swift in Sources */,
				9C90411724EA93E1000E21A3 /* PageCell.swift in Sources */,
				9C90411824EA93E1000E21A3 /* SettingViewController.swift in Sources */,
				9C90411924EA93E1000E21A3 /* SearchWordService.swift in Sources */,
				9C90411A24EA93E1000E21A3 /* ItemViewController.swift in Sources */,
				9C90411B24EA93E1000E21A3 /* BaseTableViewHeader.swift in Sources */,
				9C87E60724EAB20E00686274 /* ItemSubCommentCell.swift in Sources */,
				9C90411C24EA93E1000E21A3 /* SearchSection.swift in Sources */,
				9C90411D24EA93E1000E21A3 /* MyPageViewController.swift in Sources */,
				9C90411E24EA93E1000E21A3 /* MyPageReactor.swift in Sources */,
				9C90411F24EA93E1000E21A3 /* ResizableTextView.swift in Sources */,
				9C90412024EA93E1000E21A3 /* NSObject + reusableIdentifier.swift in Sources */,
				9C90412124EA93E1000E21A3 /* SortCell.swift in Sources */,
				9C90412224EA93E1000E21A3 /* HoneyPotAPI.swift in Sources */,
				9C90412324EA93E1000E21A3 /* FunctionCell.swift in Sources */,
				9C90412424EA93E1000E21A3 /* CommentCell.swift in Sources */,
				9C90412524EA93E1000E21A3 /* ResizableTableView.swift in Sources */,
				9C90412624EA93E1000E21A3 /* DiscountModalViewController.swift in Sources */,
				9C90412724EA93E1000E21A3 /* SearchViewController.swift in Sources */,
				9C90412824EA93E1000E21A3 /* UserDefaultsService.swift in Sources */,
				9C90412924EA93E1000E21A3 /* AccountService.swift in Sources */,
				9C90412A24EA93E1000E21A3 /* ProductCell.swift in Sources */,
				9C90412B24EA93E1000E21A3 /* NavigationMap.swift in Sources */,
				9C90412C24EA93E1000E21A3 /* DiscountEntity.swift in Sources */,
				9C90412D24EA93E1000E21A3 /* BaseTableViewCell.swift in Sources */,
				9C90412E24EA93E1000E21A3 /* SearchHeader.swift in Sources */,
				9CD03D2024ECC6A90049EB93 /* CommentViewController.swift in Sources */,
				9C90412F24EA93E1000E21A3 /* ListReactor.swift in Sources */,
				9C90413024EA93E1000E21A3 /* SearchReactor.swift in Sources */,
				9C90413124EA93E1000E21A3 /* NetworkService.swift in Sources */,
				9C90413224EA93E1000E21A3 /* CommentTopCell.swift in Sources */,
				9C90413324EA93E1000E21A3 /* SearchCell.swift in Sources */,
				9CA7FA7824EF99CA004BA440 /* Logger.swift in Sources */,
			);
			runOnlyForDeploymentPostprocessing = 0;
		};
/* End PBXSourcesBuildPhase section */

/* Begin PBXVariantGroup section */
		9C545BEC24BF4C3D00138C78 /* LaunchScreen.storyboard */ = {
			isa = PBXVariantGroup;
			children = (
				9C545BED24BF4C3D00138C78 /* Base */,
			);
			name = LaunchScreen.storyboard;
			sourceTree = "<group>";
		};
/* End PBXVariantGroup section */

/* Begin XCBuildConfiguration section */
		9C545BF024BF4C3D00138C78 /* Debug */ = {
			isa = XCBuildConfiguration;
			buildSettings = {
				ALWAYS_SEARCH_USER_PATHS = NO;
				CLANG_ANALYZER_NONNULL = YES;
				CLANG_ANALYZER_NUMBER_OBJECT_CONVERSION = YES_AGGRESSIVE;
				CLANG_CXX_LANGUAGE_STANDARD = "gnu++14";
				CLANG_CXX_LIBRARY = "libc++";
				CLANG_ENABLE_MODULES = YES;
				CLANG_ENABLE_OBJC_ARC = YES;
				CLANG_ENABLE_OBJC_WEAK = YES;
				CLANG_WARN_BLOCK_CAPTURE_AUTORELEASING = YES;
				CLANG_WARN_BOOL_CONVERSION = YES;
				CLANG_WARN_COMMA = YES;
				CLANG_WARN_CONSTANT_CONVERSION = YES;
				CLANG_WARN_DEPRECATED_OBJC_IMPLEMENTATIONS = YES;
				CLANG_WARN_DIRECT_OBJC_ISA_USAGE = YES_ERROR;
				CLANG_WARN_DOCUMENTATION_COMMENTS = YES;
				CLANG_WARN_EMPTY_BODY = YES;
				CLANG_WARN_ENUM_CONVERSION = YES;
				CLANG_WARN_INFINITE_RECURSION = YES;
				CLANG_WARN_INT_CONVERSION = YES;
				CLANG_WARN_NON_LITERAL_NULL_CONVERSION = YES;
				CLANG_WARN_OBJC_IMPLICIT_RETAIN_SELF = YES;
				CLANG_WARN_OBJC_LITERAL_CONVERSION = YES;
				CLANG_WARN_OBJC_ROOT_CLASS = YES_ERROR;
				CLANG_WARN_RANGE_LOOP_ANALYSIS = YES;
				CLANG_WARN_STRICT_PROTOTYPES = YES;
				CLANG_WARN_SUSPICIOUS_MOVE = YES;
				CLANG_WARN_UNGUARDED_AVAILABILITY = YES_AGGRESSIVE;
				CLANG_WARN_UNREACHABLE_CODE = YES;
				CLANG_WARN__DUPLICATE_METHOD_MATCH = YES;
				COPY_PHASE_STRIP = NO;
				DEBUG_INFORMATION_FORMAT = dwarf;
				ENABLE_STRICT_OBJC_MSGSEND = YES;
				ENABLE_TESTABILITY = YES;
				GCC_C_LANGUAGE_STANDARD = gnu11;
				GCC_DYNAMIC_NO_PIC = NO;
				GCC_NO_COMMON_BLOCKS = YES;
				GCC_OPTIMIZATION_LEVEL = 0;
				GCC_PREPROCESSOR_DEFINITIONS = (
					"DEBUG=1",
					"$(inherited)",
				);
				GCC_WARN_64_TO_32_BIT_CONVERSION = YES;
				GCC_WARN_ABOUT_RETURN_TYPE = YES_ERROR;
				GCC_WARN_UNDECLARED_SELECTOR = YES;
				GCC_WARN_UNINITIALIZED_AUTOS = YES_AGGRESSIVE;
				GCC_WARN_UNUSED_FUNCTION = YES;
				GCC_WARN_UNUSED_VARIABLE = YES;
				IPHONEOS_DEPLOYMENT_TARGET = 13.5;
				MTL_ENABLE_DEBUG_INFO = INCLUDE_SOURCE;
				MTL_FAST_MATH = YES;
				ONLY_ACTIVE_ARCH = YES;
				SDKROOT = iphoneos;
				SWIFT_ACTIVE_COMPILATION_CONDITIONS = DEBUG;
				SWIFT_OPTIMIZATION_LEVEL = "-Onone";
			};
			name = Debug;
		};
		9C545BF124BF4C3D00138C78 /* Release */ = {
			isa = XCBuildConfiguration;
			buildSettings = {
				ALWAYS_SEARCH_USER_PATHS = NO;
				CLANG_ANALYZER_NONNULL = YES;
				CLANG_ANALYZER_NUMBER_OBJECT_CONVERSION = YES_AGGRESSIVE;
				CLANG_CXX_LANGUAGE_STANDARD = "gnu++14";
				CLANG_CXX_LIBRARY = "libc++";
				CLANG_ENABLE_MODULES = YES;
				CLANG_ENABLE_OBJC_ARC = YES;
				CLANG_ENABLE_OBJC_WEAK = YES;
				CLANG_WARN_BLOCK_CAPTURE_AUTORELEASING = YES;
				CLANG_WARN_BOOL_CONVERSION = YES;
				CLANG_WARN_COMMA = YES;
				CLANG_WARN_CONSTANT_CONVERSION = YES;
				CLANG_WARN_DEPRECATED_OBJC_IMPLEMENTATIONS = YES;
				CLANG_WARN_DIRECT_OBJC_ISA_USAGE = YES_ERROR;
				CLANG_WARN_DOCUMENTATION_COMMENTS = YES;
				CLANG_WARN_EMPTY_BODY = YES;
				CLANG_WARN_ENUM_CONVERSION = YES;
				CLANG_WARN_INFINITE_RECURSION = YES;
				CLANG_WARN_INT_CONVERSION = YES;
				CLANG_WARN_NON_LITERAL_NULL_CONVERSION = YES;
				CLANG_WARN_OBJC_IMPLICIT_RETAIN_SELF = YES;
				CLANG_WARN_OBJC_LITERAL_CONVERSION = YES;
				CLANG_WARN_OBJC_ROOT_CLASS = YES_ERROR;
				CLANG_WARN_RANGE_LOOP_ANALYSIS = YES;
				CLANG_WARN_STRICT_PROTOTYPES = YES;
				CLANG_WARN_SUSPICIOUS_MOVE = YES;
				CLANG_WARN_UNGUARDED_AVAILABILITY = YES_AGGRESSIVE;
				CLANG_WARN_UNREACHABLE_CODE = YES;
				CLANG_WARN__DUPLICATE_METHOD_MATCH = YES;
				COPY_PHASE_STRIP = NO;
				DEBUG_INFORMATION_FORMAT = "dwarf-with-dsym";
				ENABLE_NS_ASSERTIONS = NO;
				ENABLE_STRICT_OBJC_MSGSEND = YES;
				GCC_C_LANGUAGE_STANDARD = gnu11;
				GCC_NO_COMMON_BLOCKS = YES;
				GCC_WARN_64_TO_32_BIT_CONVERSION = YES;
				GCC_WARN_ABOUT_RETURN_TYPE = YES_ERROR;
				GCC_WARN_UNDECLARED_SELECTOR = YES;
				GCC_WARN_UNINITIALIZED_AUTOS = YES_AGGRESSIVE;
				GCC_WARN_UNUSED_FUNCTION = YES;
				GCC_WARN_UNUSED_VARIABLE = YES;
				IPHONEOS_DEPLOYMENT_TARGET = 13.5;
				MTL_ENABLE_DEBUG_INFO = NO;
				MTL_FAST_MATH = YES;
				SDKROOT = iphoneos;
				SWIFT_COMPILATION_MODE = wholemodule;
				SWIFT_OPTIMIZATION_LEVEL = "-O";
				VALIDATE_PRODUCT = YES;
			};
			name = Release;
		};
		9C545BF324BF4C3D00138C78 /* Debug */ = {
			isa = XCBuildConfiguration;
			buildSettings = {
				ASSETCATALOG_COMPILER_APPICON_NAME = AppIcon;
				CODE_SIGN_STYLE = Automatic;
				DEVELOPMENT_TEAM = "";
				INFOPLIST_FILE = "HoneyPot/Info-Development.plist";
				IPHONEOS_DEPLOYMENT_TARGET = 13.0;
				LD_RUNPATH_SEARCH_PATHS = (
					"$(inherited)",
					"@executable_path/Frameworks",
				);
				MARKETING_VERSION = 1.0.0;
				PRODUCT_BUNDLE_IDENTIFIER = com.depromeet.HoneyPot;
				PRODUCT_NAME = HoneyPot;
				SWIFT_VERSION = 5.0;
				TARGETED_DEVICE_FAMILY = 1;
			};
			name = Debug;
		};
		9C545BF424BF4C3D00138C78 /* Release */ = {
			isa = XCBuildConfiguration;
			buildSettings = {
				ASSETCATALOG_COMPILER_APPICON_NAME = AppIcon;
				CODE_SIGN_STYLE = Automatic;
				DEVELOPMENT_TEAM = "";
				INFOPLIST_FILE = "HoneyPot/Info-Development.plist";
				IPHONEOS_DEPLOYMENT_TARGET = 13.0;
				LD_RUNPATH_SEARCH_PATHS = (
					"$(inherited)",
					"@executable_path/Frameworks",
				);
				MARKETING_VERSION = 1.0.0;
				PRODUCT_BUNDLE_IDENTIFIER = com.depromeet.HoneyPot;
				PRODUCT_NAME = HoneyPot;
				SWIFT_VERSION = 5.0;
				TARGETED_DEVICE_FAMILY = 1;
			};
			name = Release;
		};
		9C90414B24EA93E1000E21A3 /* Debug */ = {
			isa = XCBuildConfiguration;
			buildSettings = {
				ASSETCATALOG_COMPILER_APPICON_NAME = AppIcon;
				CODE_SIGN_IDENTITY = "iPhone Distribution";
				CODE_SIGN_STYLE = Manual;
				CURRENT_PROJECT_VERSION = 1;
				DEVELOPMENT_TEAM = PA8R36ZNU9;
				INFOPLIST_FILE = "HoneyPot/Info-Release.plist";
				IPHONEOS_DEPLOYMENT_TARGET = 13.0;
				LD_RUNPATH_SEARCH_PATHS = (
					"$(inherited)",
					"@executable_path/Frameworks",
				);
				MARKETING_VERSION = 1.0.0;
				PRODUCT_BUNDLE_IDENTIFIER = com.soso.HoneyPot;
				PRODUCT_NAME = HoneyPot;
				PROVISIONING_PROFILE_SPECIFIER = "HoneyPot-Provisioning";
				SWIFT_VERSION = 5.0;
				TARGETED_DEVICE_FAMILY = 1;
			};
			name = Debug;
		};
		9C90414C24EA93E1000E21A3 /* Release */ = {
			isa = XCBuildConfiguration;
			buildSettings = {
				ASSETCATALOG_COMPILER_APPICON_NAME = AppIcon;
				CODE_SIGN_IDENTITY = "Apple Distribution: Soyoung Gwak (PA8R36ZNU9)";
				CODE_SIGN_STYLE = Manual;
				CURRENT_PROJECT_VERSION = 1;
				DEVELOPMENT_TEAM = PA8R36ZNU9;
				INFOPLIST_FILE = "HoneyPot/Info-Release.plist";
				IPHONEOS_DEPLOYMENT_TARGET = 13.0;
				LD_RUNPATH_SEARCH_PATHS = (
					"$(inherited)",
					"@executable_path/Frameworks",
				);
				MARKETING_VERSION = 1.0.0;
				PRODUCT_BUNDLE_IDENTIFIER = com.soso.HoneyPot;
				PRODUCT_NAME = HoneyPot;
				PROVISIONING_PROFILE_SPECIFIER = "HoneyPot-Provisioning";
				SWIFT_VERSION = 5.0;
				TARGETED_DEVICE_FAMILY = 1;
			};
			name = Release;
		};
/* End XCBuildConfiguration section */

/* Begin XCConfigurationList section */
		9C545BD924BF4C3C00138C78 /* Build configuration list for PBXProject "HoneyPot" */ = {
			isa = XCConfigurationList;
			buildConfigurations = (
				9C545BF024BF4C3D00138C78 /* Debug */,
				9C545BF124BF4C3D00138C78 /* Release */,
			);
			defaultConfigurationIsVisible = 0;
			defaultConfigurationName = Release;
		};
		9C545BF224BF4C3D00138C78 /* Build configuration list for PBXNativeTarget "Development" */ = {
			isa = XCConfigurationList;
			buildConfigurations = (
				9C545BF324BF4C3D00138C78 /* Debug */,
				9C545BF424BF4C3D00138C78 /* Release */,
			);
			defaultConfigurationIsVisible = 0;
			defaultConfigurationName = Release;
		};
		9C90414A24EA93E1000E21A3 /* Build configuration list for PBXNativeTarget "Release" */ = {
			isa = XCConfigurationList;
			buildConfigurations = (
				9C90414B24EA93E1000E21A3 /* Debug */,
				9C90414C24EA93E1000E21A3 /* Release */,
			);
			defaultConfigurationIsVisible = 0;
			defaultConfigurationName = Release;
		};
/* End XCConfigurationList section */
	};
	rootObject = 9C545BD624BF4C3C00138C78 /* Project object */;
}
